// !$*UTF8*$!
{
	archiveVersion = 1;
	classes = {
	};
	objectVersion = 46;
	objects = {

/* Begin PBXBuildFile section */
		C907121B16CFD92000ED0062 /* UIKit.framework in Frameworks */ = {isa = PBXBuildFile; fileRef = C907121A16CFD92000ED0062 /* UIKit.framework */; };
		C907121D16CFD92000ED0062 /* Foundation.framework in Frameworks */ = {isa = PBXBuildFile; fileRef = C907121C16CFD92000ED0062 /* Foundation.framework */; };
		C907121F16CFD92000ED0062 /* CoreGraphics.framework in Frameworks */ = {isa = PBXBuildFile; fileRef = C907121E16CFD92000ED0062 /* CoreGraphics.framework */; };
		C907122516CFD92000ED0062 /* InfoPlist.strings in Resources */ = {isa = PBXBuildFile; fileRef = C907122316CFD92000ED0062 /* InfoPlist.strings */; };
		C907122716CFD92000ED0062 /* main.m in Sources */ = {isa = PBXBuildFile; fileRef = C907122616CFD92000ED0062 /* main.m */; };
		C907122B16CFD92000ED0062 /* YBAppDelegate.m in Sources */ = {isa = PBXBuildFile; fileRef = C907122A16CFD92000ED0062 /* YBAppDelegate.m */; };
		C907122D16CFD92000ED0062 /* Default.png in Resources */ = {isa = PBXBuildFile; fileRef = C907122C16CFD92000ED0062 /* Default.png */; };
		C907122F16CFD92000ED0062 /* Default@2x.png in Resources */ = {isa = PBXBuildFile; fileRef = C907122E16CFD92000ED0062 /* Default@2x.png */; };
		C907123116CFD92000ED0062 /* Default-568h@2x.png in Resources */ = {isa = PBXBuildFile; fileRef = C907123016CFD92000ED0062 /* Default-568h@2x.png */; };
		C907123816CFDA5F00ED0062 /* MapKit.framework in Frameworks */ = {isa = PBXBuildFile; fileRef = C907123716CFDA5F00ED0062 /* MapKit.framework */; };
		C907124216CFDB2C00ED0062 /* YBUtils.m in Sources */ = {isa = PBXBuildFile; fileRef = C907124116CFDB2C00ED0062 /* YBUtils.m */; };
		C907124516CFDB6100ED0062 /* UIColor+HEX.m in Sources */ = {isa = PBXBuildFile; fileRef = C907124416CFDB6100ED0062 /* UIColor+HEX.m */; };
		C907124716CFDC8900ED0062 /* city.plist in Resources */ = {isa = PBXBuildFile; fileRef = C907124616CFDC8900ED0062 /* city.plist */; };
		C907124916CFDD6400ED0062 /* CoreLocation.framework in Frameworks */ = {isa = PBXBuildFile; fileRef = C907124816CFDD6300ED0062 /* CoreLocation.framework */; };
		C92303BE16D50698003A14EE /* YBCityViewController.m in Sources */ = {isa = PBXBuildFile; fileRef = C92303BC16D50698003A14EE /* YBCityViewController.m */; };
		C92303BF16D50698003A14EE /* YBCityViewController.xib in Resources */ = {isa = PBXBuildFile; fileRef = C92303BD16D50698003A14EE /* YBCityViewController.xib */; };
		C92CDAE216D8E64300C6A8BA /* QuartzCore.framework in Frameworks */ = {isa = PBXBuildFile; fileRef = C92CDAE116D8E64300C6A8BA /* QuartzCore.framework */; };
		C934F9AB16D79B6B00B294F4 /* YBDefaultViewController.m in Sources */ = {isa = PBXBuildFile; fileRef = C934F9AA16D79B6B00B294F4 /* YBDefaultViewController.m */; };
		C934F9B316D79D4000B294F4 /* 1.jpg in Resources */ = {isa = PBXBuildFile; fileRef = C934F9AD16D79D4000B294F4 /* 1.jpg */; };
		C934F9B416D79D4000B294F4 /* 2.jpg in Resources */ = {isa = PBXBuildFile; fileRef = C934F9AE16D79D4000B294F4 /* 2.jpg */; };
		C934F9B516D79D4000B294F4 /* 3.jpg in Resources */ = {isa = PBXBuildFile; fileRef = C934F9AF16D79D4000B294F4 /* 3.jpg */; };
		C934F9B616D79D4000B294F4 /* 4.jpg in Resources */ = {isa = PBXBuildFile; fileRef = C934F9B016D79D4000B294F4 /* 4.jpg */; };
		C934F9B716D79D4000B294F4 /* 5.jpg in Resources */ = {isa = PBXBuildFile; fileRef = C934F9B116D79D4000B294F4 /* 5.jpg */; };
		C934F9B816D79D4000B294F4 /* 6.jpg in Resources */ = {isa = PBXBuildFile; fileRef = C934F9B216D79D4000B294F4 /* 6.jpg */; };
		C95CF2D916D7B5C200222043 /* YBSingleWeatherViewController.m in Sources */ = {isa = PBXBuildFile; fileRef = C95CF2D716D7B5C200222043 /* YBSingleWeatherViewController.m */; };
		C95CF2DA16D7B5C200222043 /* YBSingleWeatherViewController.xib in Resources */ = {isa = PBXBuildFile; fileRef = C95CF2D816D7B5C200222043 /* YBSingleWeatherViewController.xib */; };
		C9690C1016DE4C1100C39534 /* 02.png in Resources */ = {isa = PBXBuildFile; fileRef = C9690BDC16DE4C1100C39534 /* 02.png */; };
		C9690C1116DE4C1100C39534 /* 03.png in Resources */ = {isa = PBXBuildFile; fileRef = C9690BDD16DE4C1100C39534 /* 03.png */; };
		C9690C1216DE4C1100C39534 /* 04.png in Resources */ = {isa = PBXBuildFile; fileRef = C9690BDE16DE4C1100C39534 /* 04.png */; };
		C9690C1316DE4C1100C39534 /* 05.png in Resources */ = {isa = PBXBuildFile; fileRef = C9690BDF16DE4C1100C39534 /* 05.png */; };
		C9690C1416DE4C1100C39534 /* 06.png in Resources */ = {isa = PBXBuildFile; fileRef = C9690BE016DE4C1100C39534 /* 06.png */; };
		C9690C1516DE4C1100C39534 /* 10.png in Resources */ = {isa = PBXBuildFile; fileRef = C9690BE116DE4C1100C39534 /* 10.png */; };
		C9690C1616DE4C1100C39534 /* 13.png in Resources */ = {isa = PBXBuildFile; fileRef = C9690BE216DE4C1100C39534 /* 13.png */; };
		C9690C1716DE4C1100C39534 /* 17.png in Resources */ = {isa = PBXBuildFile; fileRef = C9690BE316DE4C1100C39534 /* 17.png */; };
		C9690C1816DE4C1100C39534 /* 18.png in Resources */ = {isa = PBXBuildFile; fileRef = C9690BE416DE4C1100C39534 /* 18.png */; };
		C9690C1916DE4C1100C39534 /* 20.png in Resources */ = {isa = PBXBuildFile; fileRef = C9690BE516DE4C1100C39534 /* 20.png */; };
		C9690C1A16DE4C1100C39534 /* 21.png in Resources */ = {isa = PBXBuildFile; fileRef = C9690BE616DE4C1100C39534 /* 21.png */; };
		C9690C1B16DE4C1100C39534 /* 22.png in Resources */ = {isa = PBXBuildFile; fileRef = C9690BE716DE4C1100C39534 /* 22.png */; };
		C9690C1C16DE4C1100C39534 /* 23.png in Resources */ = {isa = PBXBuildFile; fileRef = C9690BE816DE4C1100C39534 /* 23.png */; };
		C9690C1D16DE4C1100C39534 /* 24.png in Resources */ = {isa = PBXBuildFile; fileRef = C9690BE916DE4C1100C39534 /* 24.png */; };
		C9690C1E16DE4C1100C39534 /* 26.png in Resources */ = {isa = PBXBuildFile; fileRef = C9690BEA16DE4C1100C39534 /* 26.png */; };
		C9690C1F16DE4C1100C39534 /* 29.png in Resources */ = {isa = PBXBuildFile; fileRef = C9690BEB16DE4C1100C39534 /* 29.png */; };
		C9690C2016DE4C1100C39534 /* 30.png in Resources */ = {isa = PBXBuildFile; fileRef = C9690BEC16DE4C1100C39534 /* 30.png */; };
		C9690C2116DE4C1100C39534 /* 32.png in Resources */ = {isa = PBXBuildFile; fileRef = C9690BED16DE4C1100C39534 /* 32.png */; };
		C9690C2216DE4C1100C39534 /* 33.png in Resources */ = {isa = PBXBuildFile; fileRef = C9690BEE16DE4C1100C39534 /* 33.png */; };
		C9690C2316DE4C1100C39534 /* 34.png in Resources */ = {isa = PBXBuildFile; fileRef = C9690BEF16DE4C1100C39534 /* 34.png */; };
		C9690C2416DE4C1100C39534 /* 35.png in Resources */ = {isa = PBXBuildFile; fileRef = C9690BF016DE4C1100C39534 /* 35.png */; };
		C9690C2516DE4C1100C39534 /* 37.png in Resources */ = {isa = PBXBuildFile; fileRef = C9690BF116DE4C1100C39534 /* 37.png */; };
		C9690C2616DE4C1100C39534 /* 38.png in Resources */ = {isa = PBXBuildFile; fileRef = C9690BF216DE4C1100C39534 /* 38.png */; };
		C9690C2716DE4C1100C39534 /* 39.png in Resources */ = {isa = PBXBuildFile; fileRef = C9690BF316DE4C1100C39534 /* 39.png */; };
		C9690C2816DE4C1100C39534 /* 40.png in Resources */ = {isa = PBXBuildFile; fileRef = C9690BF416DE4C1100C39534 /* 40.png */; };
		C9690C2916DE4C1100C39534 /* 41.png in Resources */ = {isa = PBXBuildFile; fileRef = C9690BF516DE4C1100C39534 /* 41.png */; };
		C9690C2A16DE4C1100C39534 /* 44.png in Resources */ = {isa = PBXBuildFile; fileRef = C9690BF616DE4C1100C39534 /* 44.png */; };
		C9690C2B16DE4C1100C39534 /* 45.png in Resources */ = {isa = PBXBuildFile; fileRef = C9690BF716DE4C1100C39534 /* 45.png */; };
		C9690C2C16DE4C1100C39534 /* 46.png in Resources */ = {isa = PBXBuildFile; fileRef = C9690BF816DE4C1100C39534 /* 46.png */; };
		C9690C2D16DE4C1100C39534 /* 48.png in Resources */ = {isa = PBXBuildFile; fileRef = C9690BF916DE4C1100C39534 /* 48.png */; };
		C9690C2E16DE4C1100C39534 /* 49.png in Resources */ = {isa = PBXBuildFile; fileRef = C9690BFA16DE4C1100C39534 /* 49.png */; };
		C9690C2F16DE4C1100C39534 /* background.png in Resources */ = {isa = PBXBuildFile; fileRef = C9690BFB16DE4C1100C39534 /* background.png */; };
		C9690C3016DE4C1100C39534 /* d00.png in Resources */ = {isa = PBXBuildFile; fileRef = C9690BFC16DE4C1100C39534 /* d00.png */; };
		C9690C3116DE4C1100C39534 /* d01.png in Resources */ = {isa = PBXBuildFile; fileRef = C9690BFD16DE4C1100C39534 /* d01.png */; };
		C9690C3216DE4C1100C39534 /* d02.png in Resources */ = {isa = PBXBuildFile; fileRef = C9690BFE16DE4C1100C39534 /* d02.png */; };
		C9690C3316DE4C1100C39534 /* d03.png in Resources */ = {isa = PBXBuildFile; fileRef = C9690BFF16DE4C1100C39534 /* d03.png */; };
		C9690C3416DE4C1100C39534 /* d04.png in Resources */ = {isa = PBXBuildFile; fileRef = C9690C0016DE4C1100C39534 /* d04.png */; };
		C9690C3516DE4C1100C39534 /* d05.png in Resources */ = {isa = PBXBuildFile; fileRef = C9690C0116DE4C1100C39534 /* d05.png */; };
		C9690C3616DE4C1100C39534 /* d07.png in Resources */ = {isa = PBXBuildFile; fileRef = C9690C0216DE4C1100C39534 /* d07.png */; };
		C9690C3716DE4C1100C39534 /* d08.png in Resources */ = {isa = PBXBuildFile; fileRef = C9690C0316DE4C1100C39534 /* d08.png */; };
		C9690C3816DE4C1100C39534 /* d09.png in Resources */ = {isa = PBXBuildFile; fileRef = C9690C0416DE4C1100C39534 /* d09.png */; };
		C9690C3916DE4C1100C39534 /* d10.png in Resources */ = {isa = PBXBuildFile; fileRef = C9690C0516DE4C1100C39534 /* d10.png */; };
		C9690C3A16DE4C1100C39534 /* d11.png in Resources */ = {isa = PBXBuildFile; fileRef = C9690C0616DE4C1100C39534 /* d11.png */; };
		C9690C3B16DE4C1100C39534 /* d12.png in Resources */ = {isa = PBXBuildFile; fileRef = C9690C0716DE4C1100C39534 /* d12.png */; };
		C9690C3C16DE4C1100C39534 /* d13.png in Resources */ = {isa = PBXBuildFile; fileRef = C9690C0816DE4C1100C39534 /* d13.png */; };
		C9690C3D16DE4C1100C39534 /* d14.png in Resources */ = {isa = PBXBuildFile; fileRef = C9690C0916DE4C1100C39534 /* d14.png */; };
		C9690C3E16DE4C1100C39534 /* d15.png in Resources */ = {isa = PBXBuildFile; fileRef = C9690C0A16DE4C1100C39534 /* d15.png */; };
		C9690C3F16DE4C1100C39534 /* d16.png in Resources */ = {isa = PBXBuildFile; fileRef = C9690C0B16DE4C1100C39534 /* d16.png */; };
		C9690C4016DE4C1100C39534 /* d17.png in Resources */ = {isa = PBXBuildFile; fileRef = C9690C0C16DE4C1100C39534 /* d17.png */; };
		C9690C4116DE4C1100C39534 /* d18.png in Resources */ = {isa = PBXBuildFile; fileRef = C9690C0D16DE4C1100C39534 /* d18.png */; };
		C9690C4216DE4C1100C39534 /* d19.png in Resources */ = {isa = PBXBuildFile; fileRef = C9690C0E16DE4C1100C39534 /* d19.png */; };
		C9690C4316DE4C1100C39534 /* d20.png in Resources */ = {isa = PBXBuildFile; fileRef = C9690C0F16DE4C1100C39534 /* d20.png */; };
		C989BA2516D85E3A00A6E198 /* bg@2x.jpg in Resources */ = {isa = PBXBuildFile; fileRef = C989BA2416D85E3A00A6E198 /* bg@2x.jpg */; };
		C99A7E8716D0F723002B7194 /* cloud.fog.png in Resources */ = {isa = PBXBuildFile; fileRef = C99A7E7416D0F723002B7194 /* cloud.fog.png */; };
		C99A7E8A16D0F723002B7194 /* sun.big.cloud.dark.png in Resources */ = {isa = PBXBuildFile; fileRef = C99A7E7716D0F723002B7194 /* sun.big.cloud.dark.png */; };
		C99A7E8B16D0F723002B7194 /* sun.big.cloud.drizzle.png in Resources */ = {isa = PBXBuildFile; fileRef = C99A7E7816D0F723002B7194 /* sun.big.cloud.drizzle.png */; };
		C99A7E8D16D0F723002B7194 /* sun.big.png in Resources */ = {isa = PBXBuildFile; fileRef = C99A7E7A16D0F723002B7194 /* sun.big.png */; };
		C99A7E8E16D0F723002B7194 /* sun.rays.cloud.dark.png in Resources */ = {isa = PBXBuildFile; fileRef = C99A7E7B16D0F723002B7194 /* sun.rays.cloud.dark.png */; };
		C99A7E8F16D0F723002B7194 /* sun.rays.cloud.drizzle.png in Resources */ = {isa = PBXBuildFile; fileRef = C99A7E7C16D0F723002B7194 /* sun.rays.cloud.drizzle.png */; };
		C99A7E9016D0F723002B7194 /* sun.rays.cloud.png in Resources */ = {isa = PBXBuildFile; fileRef = C99A7E7D16D0F723002B7194 /* sun.rays.cloud.png */; };
		C99A7E9116D0F723002B7194 /* sun.rays.medium.png in Resources */ = {isa = PBXBuildFile; fileRef = C99A7E7E16D0F723002B7194 /* sun.rays.medium.png */; };
		C99A7E9216D0F723002B7194 /* sun.rays.small.cloud.png in Resources */ = {isa = PBXBuildFile; fileRef = C99A7E7F16D0F723002B7194 /* sun.rays.small.cloud.png */; };
		C99A7E9316D0F723002B7194 /* sun.small.cloud.dark.png in Resources */ = {isa = PBXBuildFile; fileRef = C99A7E8016D0F723002B7194 /* sun.small.cloud.dark.png */; };
		C99A7E9416D0F723002B7194 /* sun.small.cloud.png in Resources */ = {isa = PBXBuildFile; fileRef = C99A7E8116D0F723002B7194 /* sun.small.cloud.png */; };
		C99A7E9716D0F72F002B7194 /* Icon.png in Resources */ = {isa = PBXBuildFile; fileRef = C99A7E9516D0F72F002B7194 /* Icon.png */; };
		C99A7E9816D0F72F002B7194 /* Icon@2x.png in Resources */ = {isa = PBXBuildFile; fileRef = C99A7E9616D0F72F002B7194 /* Icon@2x.png */; };
		C9B2EE2F16D9BC9A00C00DBE /* d00.png in Resources */ = {isa = PBXBuildFile; fileRef = C9B2EE2216D9BC9900C00DBE /* d00.png */; };
		C9B2EE3016D9BC9A00C00DBE /* d01.png in Resources */ = {isa = PBXBuildFile; fileRef = C9B2EE2316D9BC9900C00DBE /* d01.png */; };
		C9B2EE3116D9BC9A00C00DBE /* d02.png in Resources */ = {isa = PBXBuildFile; fileRef = C9B2EE2416D9BC9900C00DBE /* d02.png */; };
		C9B2EE3216D9BC9A00C00DBE /* d03.png in Resources */ = {isa = PBXBuildFile; fileRef = C9B2EE2516D9BC9A00C00DBE /* d03.png */; };
		C9B2EE3316D9BC9A00C00DBE /* d04.png in Resources */ = {isa = PBXBuildFile; fileRef = C9B2EE2616D9BC9A00C00DBE /* d04.png */; };
		C9B2EE3416D9BC9A00C00DBE /* d05.png in Resources */ = {isa = PBXBuildFile; fileRef = C9B2EE2716D9BC9A00C00DBE /* d05.png */; };
		C9B2EE3516D9BC9A00C00DBE /* d06.png in Resources */ = {isa = PBXBuildFile; fileRef = C9B2EE2816D9BC9A00C00DBE /* d06.png */; };
		C9B2EE3616D9BC9A00C00DBE /* d07.png in Resources */ = {isa = PBXBuildFile; fileRef = C9B2EE2916D9BC9A00C00DBE /* d07.png */; };
		C9B2EE3716D9BC9A00C00DBE /* d08.png in Resources */ = {isa = PBXBuildFile; fileRef = C9B2EE2A16D9BC9A00C00DBE /* d08.png */; };
		C9B2EE3816D9BC9A00C00DBE /* d09.png in Resources */ = {isa = PBXBuildFile; fileRef = C9B2EE2B16D9BC9A00C00DBE /* d09.png */; };
		C9B2EE3916D9BC9A00C00DBE /* d11.png in Resources */ = {isa = PBXBuildFile; fileRef = C9B2EE2C16D9BC9A00C00DBE /* d11.png */; };
		C9B2EE3A16D9BC9A00C00DBE /* d12.png in Resources */ = {isa = PBXBuildFile; fileRef = C9B2EE2D16D9BC9A00C00DBE /* d12.png */; };
		C9B2EE3B16D9BC9A00C00DBE /* d13.png in Resources */ = {isa = PBXBuildFile; fileRef = C9B2EE2E16D9BC9A00C00DBE /* d13.png */; };
		C9BDF4AF16D3B75F00E59621 /* YBWeatherQuery.m in Sources */ = {isa = PBXBuildFile; fileRef = C9BDF4AE16D3B75F00E59621 /* YBWeatherQuery.m */; };
		C9EC3AC716D25D23003B76FE /* YBMainViewController.m in Sources */ = {isa = PBXBuildFile; fileRef = C9EC3AC616D25D23003B76FE /* YBMainViewController.m */; };
		C9EC3ACA16D2652A003B76FE /* CheckNetwork.m in Sources */ = {isa = PBXBuildFile; fileRef = C9EC3AC916D2652A003B76FE /* CheckNetwork.m */; settings = {COMPILER_FLAGS = "-fno-objc-arc"; }; };
		C9EC3ACD16D2657E003B76FE /* Reachability.m in Sources */ = {isa = PBXBuildFile; fileRef = C9EC3ACC16D2657E003B76FE /* Reachability.m */; settings = {COMPILER_FLAGS = "-fno-objc-arc"; }; };
		C9EC3ACF16D26654003B76FE /* SystemConfiguration.framework in Frameworks */ = {isa = PBXBuildFile; fileRef = C9EC3ACE16D26654003B76FE /* SystemConfiguration.framework */; };
		C9F0D99C16D6506700C86514 /* YBCityListViewController.m in Sources */ = {isa = PBXBuildFile; fileRef = C9F0D99A16D6506700C86514 /* YBCityListViewController.m */; };
		C9F0D99D16D6506700C86514 /* YBCityListViewController.xib in Resources */ = {isa = PBXBuildFile; fileRef = C9F0D99B16D6506700C86514 /* YBCityListViewController.xib */; };
/* End PBXBuildFile section */

/* Begin PBXFileReference section */
		C907121716CFD92000ED0062 /* WeatherReport.app */ = {isa = PBXFileReference; explicitFileType = wrapper.application; includeInIndex = 0; path = WeatherReport.app; sourceTree = BUILT_PRODUCTS_DIR; };
		C907121A16CFD92000ED0062 /* UIKit.framework */ = {isa = PBXFileReference; lastKnownFileType = wrapper.framework; name = UIKit.framework; path = System/Library/Frameworks/UIKit.framework; sourceTree = SDKROOT; };
		C907121C16CFD92000ED0062 /* Foundation.framework */ = {isa = PBXFileReference; lastKnownFileType = wrapper.framework; name = Foundation.framework; path = System/Library/Frameworks/Foundation.framework; sourceTree = SDKROOT; };
		C907121E16CFD92000ED0062 /* CoreGraphics.framework */ = {isa = PBXFileReference; lastKnownFileType = wrapper.framework; name = CoreGraphics.framework; path = System/Library/Frameworks/CoreGraphics.framework; sourceTree = SDKROOT; };
		C907122216CFD92000ED0062 /* WeatherReport-Info.plist */ = {isa = PBXFileReference; lastKnownFileType = text.plist.xml; path = "WeatherReport-Info.plist"; sourceTree = "<group>"; };
		C907122416CFD92000ED0062 /* en */ = {isa = PBXFileReference; lastKnownFileType = text.plist.strings; name = en; path = en.lproj/InfoPlist.strings; sourceTree = "<group>"; };
		C907122616CFD92000ED0062 /* main.m */ = {isa = PBXFileReference; lastKnownFileType = sourcecode.c.objc; path = main.m; sourceTree = "<group>"; };
		C907122816CFD92000ED0062 /* WeatherReport-Prefix.pch */ = {isa = PBXFileReference; lastKnownFileType = sourcecode.c.h; path = "WeatherReport-Prefix.pch"; sourceTree = "<group>"; };
		C907122916CFD92000ED0062 /* YBAppDelegate.h */ = {isa = PBXFileReference; lastKnownFileType = sourcecode.c.h; path = YBAppDelegate.h; sourceTree = "<group>"; };
		C907122A16CFD92000ED0062 /* YBAppDelegate.m */ = {isa = PBXFileReference; lastKnownFileType = sourcecode.c.objc; path = YBAppDelegate.m; sourceTree = "<group>"; };
		C907122C16CFD92000ED0062 /* Default.png */ = {isa = PBXFileReference; lastKnownFileType = image.png; path = Default.png; sourceTree = "<group>"; };
		C907122E16CFD92000ED0062 /* Default@2x.png */ = {isa = PBXFileReference; lastKnownFileType = image.png; path = "Default@2x.png"; sourceTree = "<group>"; };
		C907123016CFD92000ED0062 /* Default-568h@2x.png */ = {isa = PBXFileReference; lastKnownFileType = image.png; path = "Default-568h@2x.png"; sourceTree = "<group>"; };
		C907123716CFDA5F00ED0062 /* MapKit.framework */ = {isa = PBXFileReference; lastKnownFileType = wrapper.framework; name = MapKit.framework; path = System/Library/Frameworks/MapKit.framework; sourceTree = SDKROOT; };
		C907123D16CFDAC900ED0062 /* YBMainViewController.h */ = {isa = PBXFileReference; fileEncoding = 4; lastKnownFileType = sourcecode.c.h; path = YBMainViewController.h; sourceTree = "<group>"; };
		C907124016CFDB2C00ED0062 /* YBUtils.h */ = {isa = PBXFileReference; fileEncoding = 4; lastKnownFileType = sourcecode.c.h; path = YBUtils.h; sourceTree = "<group>"; };
		C907124116CFDB2C00ED0062 /* YBUtils.m */ = {isa = PBXFileReference; fileEncoding = 4; lastKnownFileType = sourcecode.c.objc; path = YBUtils.m; sourceTree = "<group>"; };
		C907124316CFDB6100ED0062 /* UIColor+HEX.h */ = {isa = PBXFileReference; fileEncoding = 4; lastKnownFileType = sourcecode.c.h; path = "UIColor+HEX.h"; sourceTree = "<group>"; };
		C907124416CFDB6100ED0062 /* UIColor+HEX.m */ = {isa = PBXFileReference; fileEncoding = 4; lastKnownFileType = sourcecode.c.objc; path = "UIColor+HEX.m"; sourceTree = "<group>"; };
		C907124616CFDC8900ED0062 /* city.plist */ = {isa = PBXFileReference; fileEncoding = 4; lastKnownFileType = text.plist.xml; path = city.plist; sourceTree = "<group>"; };
		C907124816CFDD6300ED0062 /* CoreLocation.framework */ = {isa = PBXFileReference; lastKnownFileType = wrapper.framework; name = CoreLocation.framework; path = System/Library/Frameworks/CoreLocation.framework; sourceTree = SDKROOT; };
		C92303BB16D50698003A14EE /* YBCityViewController.h */ = {isa = PBXFileReference; fileEncoding = 4; lastKnownFileType = sourcecode.c.h; path = YBCityViewController.h; sourceTree = "<group>"; };
		C92303BC16D50698003A14EE /* YBCityViewController.m */ = {isa = PBXFileReference; fileEncoding = 4; lastKnownFileType = sourcecode.c.objc; path = YBCityViewController.m; sourceTree = "<group>"; };
		C92303BD16D50698003A14EE /* YBCityViewController.xib */ = {isa = PBXFileReference; fileEncoding = 4; lastKnownFileType = file.xib; path = YBCityViewController.xib; sourceTree = "<group>"; };
		C92CDAE116D8E64300C6A8BA /* QuartzCore.framework */ = {isa = PBXFileReference; lastKnownFileType = wrapper.framework; name = QuartzCore.framework; path = System/Library/Frameworks/QuartzCore.framework; sourceTree = SDKROOT; };
		C934F9A916D79B6B00B294F4 /* YBDefaultViewController.h */ = {isa = PBXFileReference; fileEncoding = 4; lastKnownFileType = sourcecode.c.h; path = YBDefaultViewController.h; sourceTree = "<group>"; };
		C934F9AA16D79B6B00B294F4 /* YBDefaultViewController.m */ = {isa = PBXFileReference; fileEncoding = 4; lastKnownFileType = sourcecode.c.objc; path = YBDefaultViewController.m; sourceTree = "<group>"; };
		C934F9AD16D79D4000B294F4 /* 1.jpg */ = {isa = PBXFileReference; lastKnownFileType = image.jpeg; path = 1.jpg; sourceTree = "<group>"; };
		C934F9AE16D79D4000B294F4 /* 2.jpg */ = {isa = PBXFileReference; lastKnownFileType = image.jpeg; path = 2.jpg; sourceTree = "<group>"; };
		C934F9AF16D79D4000B294F4 /* 3.jpg */ = {isa = PBXFileReference; lastKnownFileType = image.jpeg; path = 3.jpg; sourceTree = "<group>"; };
		C934F9B016D79D4000B294F4 /* 4.jpg */ = {isa = PBXFileReference; lastKnownFileType = image.jpeg; path = 4.jpg; sourceTree = "<group>"; };
		C934F9B116D79D4000B294F4 /* 5.jpg */ = {isa = PBXFileReference; lastKnownFileType = image.jpeg; path = 5.jpg; sourceTree = "<group>"; };
		C934F9B216D79D4000B294F4 /* 6.jpg */ = {isa = PBXFileReference; lastKnownFileType = image.jpeg; path = 6.jpg; sourceTree = "<group>"; };
		C95CF2D616D7B5C200222043 /* YBSingleWeatherViewController.h */ = {isa = PBXFileReference; fileEncoding = 4; lastKnownFileType = sourcecode.c.h; path = YBSingleWeatherViewController.h; sourceTree = "<group>"; };
		C95CF2D716D7B5C200222043 /* YBSingleWeatherViewController.m */ = {isa = PBXFileReference; fileEncoding = 4; lastKnownFileType = sourcecode.c.objc; path = YBSingleWeatherViewController.m; sourceTree = "<group>"; };
		C95CF2D816D7B5C200222043 /* YBSingleWeatherViewController.xib */ = {isa = PBXFileReference; fileEncoding = 4; lastKnownFileType = file.xib; path = YBSingleWeatherViewController.xib; sourceTree = "<group>"; };
		C9690BDC16DE4C1100C39534 /* 02.png */ = {isa = PBXFileReference; lastKnownFileType = image.png; path = 02.png; sourceTree = "<group>"; };
		C9690BDD16DE4C1100C39534 /* 03.png */ = {isa = PBXFileReference; lastKnownFileType = image.png; path = 03.png; sourceTree = "<group>"; };
		C9690BDE16DE4C1100C39534 /* 04.png */ = {isa = PBXFileReference; lastKnownFileType = image.png; path = 04.png; sourceTree = "<group>"; };
		C9690BDF16DE4C1100C39534 /* 05.png */ = {isa = PBXFileReference; lastKnownFileType = image.png; path = 05.png; sourceTree = "<group>"; };
		C9690BE016DE4C1100C39534 /* 06.png */ = {isa = PBXFileReference; lastKnownFileType = image.png; path = 06.png; sourceTree = "<group>"; };
		C9690BE116DE4C1100C39534 /* 10.png */ = {isa = PBXFileReference; lastKnownFileType = image.png; path = 10.png; sourceTree = "<group>"; };
		C9690BE216DE4C1100C39534 /* 13.png */ = {isa = PBXFileReference; lastKnownFileType = image.png; path = 13.png; sourceTree = "<group>"; };
		C9690BE316DE4C1100C39534 /* 17.png */ = {isa = PBXFileReference; lastKnownFileType = image.png; path = 17.png; sourceTree = "<group>"; };
		C9690BE416DE4C1100C39534 /* 18.png */ = {isa = PBXFileReference; lastKnownFileType = image.png; path = 18.png; sourceTree = "<group>"; };
		C9690BE516DE4C1100C39534 /* 20.png */ = {isa = PBXFileReference; lastKnownFileType = image.png; path = 20.png; sourceTree = "<group>"; };
		C9690BE616DE4C1100C39534 /* 21.png */ = {isa = PBXFileReference; lastKnownFileType = image.png; path = 21.png; sourceTree = "<group>"; };
		C9690BE716DE4C1100C39534 /* 22.png */ = {isa = PBXFileReference; lastKnownFileType = image.png; path = 22.png; sourceTree = "<group>"; };
		C9690BE816DE4C1100C39534 /* 23.png */ = {isa = PBXFileReference; lastKnownFileType = image.png; path = 23.png; sourceTree = "<group>"; };
		C9690BE916DE4C1100C39534 /* 24.png */ = {isa = PBXFileReference; lastKnownFileType = image.png; path = 24.png; sourceTree = "<group>"; };
		C9690BEA16DE4C1100C39534 /* 26.png */ = {isa = PBXFileReference; lastKnownFileType = image.png; path = 26.png; sourceTree = "<group>"; };
		C9690BEB16DE4C1100C39534 /* 29.png */ = {isa = PBXFileReference; lastKnownFileType = image.png; path = 29.png; sourceTree = "<group>"; };
		C9690BEC16DE4C1100C39534 /* 30.png */ = {isa = PBXFileReference; lastKnownFileType = image.png; path = 30.png; sourceTree = "<group>"; };
		C9690BED16DE4C1100C39534 /* 32.png */ = {isa = PBXFileReference; lastKnownFileType = image.png; path = 32.png; sourceTree = "<group>"; };
		C9690BEE16DE4C1100C39534 /* 33.png */ = {isa = PBXFileReference; lastKnownFileType = image.png; path = 33.png; sourceTree = "<group>"; };
		C9690BEF16DE4C1100C39534 /* 34.png */ = {isa = PBXFileReference; lastKnownFileType = image.png; path = 34.png; sourceTree = "<group>"; };
		C9690BF016DE4C1100C39534 /* 35.png */ = {isa = PBXFileReference; lastKnownFileType = image.png; path = 35.png; sourceTree = "<group>"; };
		C9690BF116DE4C1100C39534 /* 37.png */ = {isa = PBXFileReference; lastKnownFileType = image.png; path = 37.png; sourceTree = "<group>"; };
		C9690BF216DE4C1100C39534 /* 38.png */ = {isa = PBXFileReference; lastKnownFileType = image.png; path = 38.png; sourceTree = "<group>"; };
		C9690BF316DE4C1100C39534 /* 39.png */ = {isa = PBXFileReference; lastKnownFileType = image.png; path = 39.png; sourceTree = "<group>"; };
		C9690BF416DE4C1100C39534 /* 40.png */ = {isa = PBXFileReference; lastKnownFileType = image.png; path = 40.png; sourceTree = "<group>"; };
		C9690BF516DE4C1100C39534 /* 41.png */ = {isa = PBXFileReference; lastKnownFileType = image.png; path = 41.png; sourceTree = "<group>"; };
		C9690BF616DE4C1100C39534 /* 44.png */ = {isa = PBXFileReference; lastKnownFileType = image.png; path = 44.png; sourceTree = "<group>"; };
		C9690BF716DE4C1100C39534 /* 45.png */ = {isa = PBXFileReference; lastKnownFileType = image.png; path = 45.png; sourceTree = "<group>"; };
		C9690BF816DE4C1100C39534 /* 46.png */ = {isa = PBXFileReference; lastKnownFileType = image.png; path = 46.png; sourceTree = "<group>"; };
		C9690BF916DE4C1100C39534 /* 48.png */ = {isa = PBXFileReference; lastKnownFileType = image.png; path = 48.png; sourceTree = "<group>"; };
		C9690BFA16DE4C1100C39534 /* 49.png */ = {isa = PBXFileReference; lastKnownFileType = image.png; path = 49.png; sourceTree = "<group>"; };
		C9690BFB16DE4C1100C39534 /* background.png */ = {isa = PBXFileReference; lastKnownFileType = image.png; path = background.png; sourceTree = "<group>"; };
		C9690BFC16DE4C1100C39534 /* d00.png */ = {isa = PBXFileReference; lastKnownFileType = image.png; path = d00.png; sourceTree = "<group>"; };
		C9690BFD16DE4C1100C39534 /* d01.png */ = {isa = PBXFileReference; lastKnownFileType = image.png; path = d01.png; sourceTree = "<group>"; };
		C9690BFE16DE4C1100C39534 /* d02.png */ = {isa = PBXFileReference; lastKnownFileType = image.png; path = d02.png; sourceTree = "<group>"; };
		C9690BFF16DE4C1100C39534 /* d03.png */ = {isa = PBXFileReference; lastKnownFileType = image.png; path = d03.png; sourceTree = "<group>"; };
		C9690C0016DE4C1100C39534 /* d04.png */ = {isa = PBXFileReference; lastKnownFileType = image.png; path = d04.png; sourceTree = "<group>"; };
		C9690C0116DE4C1100C39534 /* d05.png */ = {isa = PBXFileReference; lastKnownFileType = image.png; path = d05.png; sourceTree = "<group>"; };
		C9690C0216DE4C1100C39534 /* d07.png */ = {isa = PBXFileReference; lastKnownFileType = image.png; path = d07.png; sourceTree = "<group>"; };
		C9690C0316DE4C1100C39534 /* d08.png */ = {isa = PBXFileReference; lastKnownFileType = image.png; path = d08.png; sourceTree = "<group>"; };
		C9690C0416DE4C1100C39534 /* d09.png */ = {isa = PBXFileReference; lastKnownFileType = image.png; path = d09.png; sourceTree = "<group>"; };
		C9690C0516DE4C1100C39534 /* d10.png */ = {isa = PBXFileReference; lastKnownFileType = image.png; path = d10.png; sourceTree = "<group>"; };
		C9690C0616DE4C1100C39534 /* d11.png */ = {isa = PBXFileReference; lastKnownFileType = image.png; path = d11.png; sourceTree = "<group>"; };
		C9690C0716DE4C1100C39534 /* d12.png */ = {isa = PBXFileReference; lastKnownFileType = image.png; path = d12.png; sourceTree = "<group>"; };
		C9690C0816DE4C1100C39534 /* d13.png */ = {isa = PBXFileReference; lastKnownFileType = image.png; path = d13.png; sourceTree = "<group>"; };
		C9690C0916DE4C1100C39534 /* d14.png */ = {isa = PBXFileReference; lastKnownFileType = image.png; path = d14.png; sourceTree = "<group>"; };
		C9690C0A16DE4C1100C39534 /* d15.png */ = {isa = PBXFileReference; lastKnownFileType = image.png; path = d15.png; sourceTree = "<group>"; };
		C9690C0B16DE4C1100C39534 /* d16.png */ = {isa = PBXFileReference; lastKnownFileType = image.png; path = d16.png; sourceTree = "<group>"; };
		C9690C0C16DE4C1100C39534 /* d17.png */ = {isa = PBXFileReference; lastKnownFileType = image.png; path = d17.png; sourceTree = "<group>"; };
		C9690C0D16DE4C1100C39534 /* d18.png */ = {isa = PBXFileReference; lastKnownFileType = image.png; path = d18.png; sourceTree = "<group>"; };
		C9690C0E16DE4C1100C39534 /* d19.png */ = {isa = PBXFileReference; lastKnownFileType = image.png; path = d19.png; sourceTree = "<group>"; };
		C9690C0F16DE4C1100C39534 /* d20.png */ = {isa = PBXFileReference; lastKnownFileType = image.png; path = d20.png; sourceTree = "<group>"; };
		C989BA2416D85E3A00A6E198 /* bg@2x.jpg */ = {isa = PBXFileReference; lastKnownFileType = image.jpeg; path = "bg@2x.jpg"; sourceTree = "<group>"; };
		C99A7E7416D0F723002B7194 /* cloud.fog.png */ = {isa = PBXFileReference; lastKnownFileType = image.png; path = cloud.fog.png; sourceTree = "<group>"; };
		C99A7E7716D0F723002B7194 /* sun.big.cloud.dark.png */ = {isa = PBXFileReference; lastKnownFileType = image.png; path = sun.big.cloud.dark.png; sourceTree = "<group>"; };
		C99A7E7816D0F723002B7194 /* sun.big.cloud.drizzle.png */ = {isa = PBXFileReference; lastKnownFileType = image.png; path = sun.big.cloud.drizzle.png; sourceTree = "<group>"; };
		C99A7E7A16D0F723002B7194 /* sun.big.png */ = {isa = PBXFileReference; lastKnownFileType = image.png; path = sun.big.png; sourceTree = "<group>"; };
		C99A7E7B16D0F723002B7194 /* sun.rays.cloud.dark.png */ = {isa = PBXFileReference; lastKnownFileType = image.png; path = sun.rays.cloud.dark.png; sourceTree = "<group>"; };
		C99A7E7C16D0F723002B7194 /* sun.rays.cloud.drizzle.png */ = {isa = PBXFileReference; lastKnownFileType = image.png; path = sun.rays.cloud.drizzle.png; sourceTree = "<group>"; };
		C99A7E7D16D0F723002B7194 /* sun.rays.cloud.png */ = {isa = PBXFileReference; lastKnownFileType = image.png; path = sun.rays.cloud.png; sourceTree = "<group>"; };
		C99A7E7E16D0F723002B7194 /* sun.rays.medium.png */ = {isa = PBXFileReference; lastKnownFileType = image.png; path = sun.rays.medium.png; sourceTree = "<group>"; };
		C99A7E7F16D0F723002B7194 /* sun.rays.small.cloud.png */ = {isa = PBXFileReference; lastKnownFileType = image.png; path = sun.rays.small.cloud.png; sourceTree = "<group>"; };
		C99A7E8016D0F723002B7194 /* sun.small.cloud.dark.png */ = {isa = PBXFileReference; lastKnownFileType = image.png; path = sun.small.cloud.dark.png; sourceTree = "<group>"; };
		C99A7E8116D0F723002B7194 /* sun.small.cloud.png */ = {isa = PBXFileReference; lastKnownFileType = image.png; path = sun.small.cloud.png; sourceTree = "<group>"; };
		C99A7E9516D0F72F002B7194 /* Icon.png */ = {isa = PBXFileReference; lastKnownFileType = image.png; path = Icon.png; sourceTree = "<group>"; };
		C99A7E9616D0F72F002B7194 /* Icon@2x.png */ = {isa = PBXFileReference; lastKnownFileType = image.png; path = "Icon@2x.png"; sourceTree = "<group>"; };
		C9B2EE2216D9BC9900C00DBE /* d00.png */ = {isa = PBXFileReference; lastKnownFileType = image.png; path = d00.png; sourceTree = "<group>"; };
		C9B2EE2316D9BC9900C00DBE /* d01.png */ = {isa = PBXFileReference; lastKnownFileType = image.png; path = d01.png; sourceTree = "<group>"; };
		C9B2EE2416D9BC9900C00DBE /* d02.png */ = {isa = PBXFileReference; lastKnownFileType = image.png; path = d02.png; sourceTree = "<group>"; };
		C9B2EE2516D9BC9A00C00DBE /* d03.png */ = {isa = PBXFileReference; lastKnownFileType = image.png; path = d03.png; sourceTree = "<group>"; };
		C9B2EE2616D9BC9A00C00DBE /* d04.png */ = {isa = PBXFileReference; lastKnownFileType = image.png; path = d04.png; sourceTree = "<group>"; };
		C9B2EE2716D9BC9A00C00DBE /* d05.png */ = {isa = PBXFileReference; lastKnownFileType = image.png; path = d05.png; sourceTree = "<group>"; };
		C9B2EE2816D9BC9A00C00DBE /* d06.png */ = {isa = PBXFileReference; lastKnownFileType = image.png; path = d06.png; sourceTree = "<group>"; };
		C9B2EE2916D9BC9A00C00DBE /* d07.png */ = {isa = PBXFileReference; lastKnownFileType = image.png; path = d07.png; sourceTree = "<group>"; };
		C9B2EE2A16D9BC9A00C00DBE /* d08.png */ = {isa = PBXFileReference; lastKnownFileType = image.png; path = d08.png; sourceTree = "<group>"; };
		C9B2EE2B16D9BC9A00C00DBE /* d09.png */ = {isa = PBXFileReference; lastKnownFileType = image.png; path = d09.png; sourceTree = "<group>"; };
		C9B2EE2C16D9BC9A00C00DBE /* d11.png */ = {isa = PBXFileReference; lastKnownFileType = image.png; path = d11.png; sourceTree = "<group>"; };
		C9B2EE2D16D9BC9A00C00DBE /* d12.png */ = {isa = PBXFileReference; lastKnownFileType = image.png; path = d12.png; sourceTree = "<group>"; };
		C9B2EE2E16D9BC9A00C00DBE /* d13.png */ = {isa = PBXFileReference; lastKnownFileType = image.png; path = d13.png; sourceTree = "<group>"; };
		C9BDF4AD16D3B75F00E59621 /* YBWeatherQuery.h */ = {isa = PBXFileReference; fileEncoding = 4; lastKnownFileType = sourcecode.c.h; path = YBWeatherQuery.h; sourceTree = "<group>"; };
		C9BDF4AE16D3B75F00E59621 /* YBWeatherQuery.m */ = {isa = PBXFileReference; fileEncoding = 4; lastKnownFileType = sourcecode.c.objc; path = YBWeatherQuery.m; sourceTree = "<group>"; };
		C9EC3AC616D25D23003B76FE /* YBMainViewController.m */ = {isa = PBXFileReference; fileEncoding = 4; lastKnownFileType = sourcecode.c.objc; path = YBMainViewController.m; sourceTree = "<group>"; };
		C9EC3AC816D2652A003B76FE /* CheckNetwork.h */ = {isa = PBXFileReference; fileEncoding = 4; lastKnownFileType = sourcecode.c.h; path = CheckNetwork.h; sourceTree = "<group>"; };
		C9EC3AC916D2652A003B76FE /* CheckNetwork.m */ = {isa = PBXFileReference; fileEncoding = 4; lastKnownFileType = sourcecode.c.objc; path = CheckNetwork.m; sourceTree = "<group>"; };
		C9EC3ACB16D2657E003B76FE /* Reachability.h */ = {isa = PBXFileReference; fileEncoding = 4; lastKnownFileType = sourcecode.c.h; path = Reachability.h; sourceTree = "<group>"; };
		C9EC3ACC16D2657E003B76FE /* Reachability.m */ = {isa = PBXFileReference; fileEncoding = 4; lastKnownFileType = sourcecode.c.objc; path = Reachability.m; sourceTree = "<group>"; };
		C9EC3ACE16D26654003B76FE /* SystemConfiguration.framework */ = {isa = PBXFileReference; lastKnownFileType = wrapper.framework; name = SystemConfiguration.framework; path = System/Library/Frameworks/SystemConfiguration.framework; sourceTree = SDKROOT; };
		C9F0D99916D6506700C86514 /* YBCityListViewController.h */ = {isa = PBXFileReference; fileEncoding = 4; lastKnownFileType = sourcecode.c.h; path = YBCityListViewController.h; sourceTree = "<group>"; };
		C9F0D99A16D6506700C86514 /* YBCityListViewController.m */ = {isa = PBXFileReference; fileEncoding = 4; lastKnownFileType = sourcecode.c.objc; path = YBCityListViewController.m; sourceTree = "<group>"; };
		C9F0D99B16D6506700C86514 /* YBCityListViewController.xib */ = {isa = PBXFileReference; fileEncoding = 4; lastKnownFileType = file.xib; path = YBCityListViewController.xib; sourceTree = "<group>"; };
/* End PBXFileReference section */

/* Begin PBXFrameworksBuildPhase section */
		C907121416CFD92000ED0062 /* Frameworks */ = {
			isa = PBXFrameworksBuildPhase;
			buildActionMask = 2147483647;
			files = (
				C92CDAE216D8E64300C6A8BA /* QuartzCore.framework in Frameworks */,
				C9EC3ACF16D26654003B76FE /* SystemConfiguration.framework in Frameworks */,
				C907124916CFDD6400ED0062 /* CoreLocation.framework in Frameworks */,
				C907123816CFDA5F00ED0062 /* MapKit.framework in Frameworks */,
				C907121B16CFD92000ED0062 /* UIKit.framework in Frameworks */,
				C907121D16CFD92000ED0062 /* Foundation.framework in Frameworks */,
				C907121F16CFD92000ED0062 /* CoreGraphics.framework in Frameworks */,
			);
			runOnlyForDeploymentPostprocessing = 0;
		};
/* End PBXFrameworksBuildPhase section */

/* Begin PBXGroup section */
		C907120E16CFD92000ED0062 = {
			isa = PBXGroup;
			children = (
				C92CDAE116D8E64300C6A8BA /* QuartzCore.framework */,
				C9EC3ACE16D26654003B76FE /* SystemConfiguration.framework */,
				C907124816CFDD6300ED0062 /* CoreLocation.framework */,
				C907123716CFDA5F00ED0062 /* MapKit.framework */,
				C907122016CFD92000ED0062 /* WeatherReport */,
				C907121916CFD92000ED0062 /* Frameworks */,
				C907121816CFD92000ED0062 /* Products */,
			);
			sourceTree = "<group>";
		};
		C907121816CFD92000ED0062 /* Products */ = {
			isa = PBXGroup;
			children = (
				C907121716CFD92000ED0062 /* WeatherReport.app */,
			);
			name = Products;
			sourceTree = "<group>";
		};
		C907121916CFD92000ED0062 /* Frameworks */ = {
			isa = PBXGroup;
			children = (
				C907121A16CFD92000ED0062 /* UIKit.framework */,
				C907121C16CFD92000ED0062 /* Foundation.framework */,
				C907121E16CFD92000ED0062 /* CoreGraphics.framework */,
			);
			name = Frameworks;
			sourceTree = "<group>";
		};
		C907122016CFD92000ED0062 /* WeatherReport */ = {
			isa = PBXGroup;
			children = (
				C9EC3AC616D25D23003B76FE /* YBMainViewController.m */,
				C99A7E9516D0F72F002B7194 /* Icon.png */,
				C99A7E9616D0F72F002B7194 /* Icon@2x.png */,
				C907123916CFDA9B00ED0062 /* Resource */,
				C907122916CFD92000ED0062 /* YBAppDelegate.h */,
				C907122A16CFD92000ED0062 /* YBAppDelegate.m */,
				C907122116CFD92000ED0062 /* Supporting Files */,
				C907123D16CFDAC900ED0062 /* YBMainViewController.h */,
				C907124016CFDB2C00ED0062 /* YBUtils.h */,
				C907124116CFDB2C00ED0062 /* YBUtils.m */,
				C907124316CFDB6100ED0062 /* UIColor+HEX.h */,
				C907124416CFDB6100ED0062 /* UIColor+HEX.m */,
				C9EC3AC816D2652A003B76FE /* CheckNetwork.h */,
				C9EC3AC916D2652A003B76FE /* CheckNetwork.m */,
				C9EC3ACB16D2657E003B76FE /* Reachability.h */,
				C9EC3ACC16D2657E003B76FE /* Reachability.m */,
				C9BDF4AD16D3B75F00E59621 /* YBWeatherQuery.h */,
				C9BDF4AE16D3B75F00E59621 /* YBWeatherQuery.m */,
				C92303BB16D50698003A14EE /* YBCityViewController.h */,
				C92303BC16D50698003A14EE /* YBCityViewController.m */,
				C92303BD16D50698003A14EE /* YBCityViewController.xib */,
				C9F0D99916D6506700C86514 /* YBCityListViewController.h */,
				C9F0D99A16D6506700C86514 /* YBCityListViewController.m */,
				C9F0D99B16D6506700C86514 /* YBCityListViewController.xib */,
				C934F9A916D79B6B00B294F4 /* YBDefaultViewController.h */,
				C934F9AA16D79B6B00B294F4 /* YBDefaultViewController.m */,
				C95CF2D616D7B5C200222043 /* YBSingleWeatherViewController.h */,
				C95CF2D716D7B5C200222043 /* YBSingleWeatherViewController.m */,
				C95CF2D816D7B5C200222043 /* YBSingleWeatherViewController.xib */,
			);
			path = WeatherReport;
			sourceTree = "<group>";
		};
		C907122116CFD92000ED0062 /* Supporting Files */ = {
			isa = PBXGroup;
			children = (
				C907122216CFD92000ED0062 /* WeatherReport-Info.plist */,
				C907122316CFD92000ED0062 /* InfoPlist.strings */,
				C907122616CFD92000ED0062 /* main.m */,
				C907122816CFD92000ED0062 /* WeatherReport-Prefix.pch */,
				C907122C16CFD92000ED0062 /* Default.png */,
				C907122E16CFD92000ED0062 /* Default@2x.png */,
				C907123016CFD92000ED0062 /* Default-568h@2x.png */,
			);
			name = "Supporting Files";
			sourceTree = "<group>";
		};
		C907123916CFDA9B00ED0062 /* Resource */ = {
			isa = PBXGroup;
			children = (
				C9690BDB16DE4C1100C39534 /* images */,
				C934F9AC16D79D4000B294F4 /* wallpaper */,
				C99A7E6E16D0F723002B7194 /* icon */,
				C907124616CFDC8900ED0062 /* city.plist */,
			);
			path = Resource;
			sourceTree = "<group>";
		};
		C934F9AC16D79D4000B294F4 /* wallpaper */ = {
			isa = PBXGroup;
			children = (
				C989BA2416D85E3A00A6E198 /* bg@2x.jpg */,
				C934F9AD16D79D4000B294F4 /* 1.jpg */,
				C934F9AE16D79D4000B294F4 /* 2.jpg */,
				C934F9AF16D79D4000B294F4 /* 3.jpg */,
				C934F9B016D79D4000B294F4 /* 4.jpg */,
				C934F9B116D79D4000B294F4 /* 5.jpg */,
				C934F9B216D79D4000B294F4 /* 6.jpg */,
			);
			path = wallpaper;
			sourceTree = "<group>";
		};
		C9690BDB16DE4C1100C39534 /* images */ = {
			isa = PBXGroup;
			children = (
				C9690BDC16DE4C1100C39534 /* 02.png */,
				C9690BDD16DE4C1100C39534 /* 03.png */,
				C9690BDE16DE4C1100C39534 /* 04.png */,
				C9690BDF16DE4C1100C39534 /* 05.png */,
				C9690BE016DE4C1100C39534 /* 06.png */,
				C9690BE116DE4C1100C39534 /* 10.png */,
				C9690BE216DE4C1100C39534 /* 13.png */,
				C9690BE316DE4C1100C39534 /* 17.png */,
				C9690BE416DE4C1100C39534 /* 18.png */,
				C9690BE516DE4C1100C39534 /* 20.png */,
				C9690BE616DE4C1100C39534 /* 21.png */,
				C9690BE716DE4C1100C39534 /* 22.png */,
				C9690BE816DE4C1100C39534 /* 23.png */,
				C9690BE916DE4C1100C39534 /* 24.png */,
				C9690BEA16DE4C1100C39534 /* 26.png */,
				C9690BEB16DE4C1100C39534 /* 29.png */,
				C9690BEC16DE4C1100C39534 /* 30.png */,
				C9690BED16DE4C1100C39534 /* 32.png */,
				C9690BEE16DE4C1100C39534 /* 33.png */,
				C9690BEF16DE4C1100C39534 /* 34.png */,
				C9690BF016DE4C1100C39534 /* 35.png */,
				C9690BF116DE4C1100C39534 /* 37.png */,
				C9690BF216DE4C1100C39534 /* 38.png */,
				C9690BF316DE4C1100C39534 /* 39.png */,
				C9690BF416DE4C1100C39534 /* 40.png */,
				C9690BF516DE4C1100C39534 /* 41.png */,
				C9690BF616DE4C1100C39534 /* 44.png */,
				C9690BF716DE4C1100C39534 /* 45.png */,
				C9690BF816DE4C1100C39534 /* 46.png */,
				C9690BF916DE4C1100C39534 /* 48.png */,
				C9690BFA16DE4C1100C39534 /* 49.png */,
				C9690BFB16DE4C1100C39534 /* background.png */,
				C9690BFC16DE4C1100C39534 /* d00.png */,
				C9690BFD16DE4C1100C39534 /* d01.png */,
				C9690BFE16DE4C1100C39534 /* d02.png */,
				C9690BFF16DE4C1100C39534 /* d03.png */,
				C9690C0016DE4C1100C39534 /* d04.png */,
				C9690C0116DE4C1100C39534 /* d05.png */,
				C9690C0216DE4C1100C39534 /* d07.png */,
				C9690C0316DE4C1100C39534 /* d08.png */,
				C9690C0416DE4C1100C39534 /* d09.png */,
				C9690C0516DE4C1100C39534 /* d10.png */,
				C9690C0616DE4C1100C39534 /* d11.png */,
				C9690C0716DE4C1100C39534 /* d12.png */,
				C9690C0816DE4C1100C39534 /* d13.png */,
				C9690C0916DE4C1100C39534 /* d14.png */,
				C9690C0A16DE4C1100C39534 /* d15.png */,
				C9690C0B16DE4C1100C39534 /* d16.png */,
				C9690C0C16DE4C1100C39534 /* d17.png */,
				C9690C0D16DE4C1100C39534 /* d18.png */,
				C9690C0E16DE4C1100C39534 /* d19.png */,
				C9690C0F16DE4C1100C39534 /* d20.png */,
			);
			path = images;
			sourceTree = "<group>";
		};
		C99A7E6E16D0F723002B7194 /* icon */ = {
			isa = PBXGroup;
			children = (
				C9B2EE2216D9BC9900C00DBE /* d00.png */,
				C9B2EE2316D9BC9900C00DBE /* d01.png */,
				C9B2EE2416D9BC9900C00DBE /* d02.png */,
				C9B2EE2516D9BC9A00C00DBE /* d03.png */,
				C9B2EE2616D9BC9A00C00DBE /* d04.png */,
				C9B2EE2716D9BC9A00C00DBE /* d05.png */,
				C9B2EE2816D9BC9A00C00DBE /* d06.png */,
				C9B2EE2916D9BC9A00C00DBE /* d07.png */,
				C9B2EE2A16D9BC9A00C00DBE /* d08.png */,
				C9B2EE2B16D9BC9A00C00DBE /* d09.png */,
				C9B2EE2C16D9BC9A00C00DBE /* d11.png */,
				C9B2EE2D16D9BC9A00C00DBE /* d12.png */,
				C9B2EE2E16D9BC9A00C00DBE /* d13.png */,
				C99A7E7416D0F723002B7194 /* cloud.fog.png */,
				C99A7E7716D0F723002B7194 /* sun.big.cloud.dark.png */,
				C99A7E7816D0F723002B7194 /* sun.big.cloud.drizzle.png */,
				C99A7E7A16D0F723002B7194 /* sun.big.png */,
				C99A7E7B16D0F723002B7194 /* sun.rays.cloud.dark.png */,
				C99A7E7C16D0F723002B7194 /* sun.rays.cloud.drizzle.png */,
				C99A7E7D16D0F723002B7194 /* sun.rays.cloud.png */,
				C99A7E7E16D0F723002B7194 /* sun.rays.medium.png */,
				C99A7E7F16D0F723002B7194 /* sun.rays.small.cloud.png */,
				C99A7E8016D0F723002B7194 /* sun.small.cloud.dark.png */,
				C99A7E8116D0F723002B7194 /* sun.small.cloud.png */,
			);
			path = icon;
			sourceTree = "<group>";
		};
/* End PBXGroup section */

/* Begin PBXNativeTarget section */
		C907121616CFD92000ED0062 /* WeatherReport */ = {
			isa = PBXNativeTarget;
			buildConfigurationList = C907123416CFD92000ED0062 /* Build configuration list for PBXNativeTarget "WeatherReport" */;
			buildPhases = (
				C907121316CFD92000ED0062 /* Sources */,
				C907121416CFD92000ED0062 /* Frameworks */,
				C907121516CFD92000ED0062 /* Resources */,
			);
			buildRules = (
			);
			dependencies = (
			);
			name = WeatherReport;
			productName = WeatherReport;
			productReference = C907121716CFD92000ED0062 /* WeatherReport.app */;
			productType = "com.apple.product-type.application";
		};
/* End PBXNativeTarget section */

/* Begin PBXProject section */
		C907120F16CFD92000ED0062 /* Project object */ = {
			isa = PBXProject;
			attributes = {
				CLASSPREFIX = YB;
				LastUpgradeCheck = 0460;
				ORGANIZATIONNAME = us.yibin;
			};
			buildConfigurationList = C907121216CFD92000ED0062 /* Build configuration list for PBXProject "WeatherReport" */;
			compatibilityVersion = "Xcode 3.2";
			developmentRegion = English;
			hasScannedForEncodings = 0;
			knownRegions = (
				en,
			);
			mainGroup = C907120E16CFD92000ED0062;
			productRefGroup = C907121816CFD92000ED0062 /* Products */;
			projectDirPath = "";
			projectRoot = "";
			targets = (
				C907121616CFD92000ED0062 /* WeatherReport */,
			);
		};
/* End PBXProject section */

/* Begin PBXResourcesBuildPhase section */
		C907121516CFD92000ED0062 /* Resources */ = {
			isa = PBXResourcesBuildPhase;
			buildActionMask = 2147483647;
			files = (
				C907122516CFD92000ED0062 /* InfoPlist.strings in Resources */,
				C907122D16CFD92000ED0062 /* Default.png in Resources */,
				C907122F16CFD92000ED0062 /* Default@2x.png in Resources */,
				C907123116CFD92000ED0062 /* Default-568h@2x.png in Resources */,
				C907124716CFDC8900ED0062 /* city.plist in Resources */,
				C99A7E8716D0F723002B7194 /* cloud.fog.png in Resources */,
				C99A7E8A16D0F723002B7194 /* sun.big.cloud.dark.png in Resources */,
				C99A7E8B16D0F723002B7194 /* sun.big.cloud.drizzle.png in Resources */,
				C99A7E8D16D0F723002B7194 /* sun.big.png in Resources */,
				C99A7E8E16D0F723002B7194 /* sun.rays.cloud.dark.png in Resources */,
				C99A7E8F16D0F723002B7194 /* sun.rays.cloud.drizzle.png in Resources */,
				C99A7E9016D0F723002B7194 /* sun.rays.cloud.png in Resources */,
				C99A7E9116D0F723002B7194 /* sun.rays.medium.png in Resources */,
				C99A7E9216D0F723002B7194 /* sun.rays.small.cloud.png in Resources */,
				C99A7E9316D0F723002B7194 /* sun.small.cloud.dark.png in Resources */,
				C99A7E9416D0F723002B7194 /* sun.small.cloud.png in Resources */,
				C99A7E9716D0F72F002B7194 /* Icon.png in Resources */,
				C99A7E9816D0F72F002B7194 /* Icon@2x.png in Resources */,
				C92303BF16D50698003A14EE /* YBCityViewController.xib in Resources */,
				C9F0D99D16D6506700C86514 /* YBCityListViewController.xib in Resources */,
				C934F9B316D79D4000B294F4 /* 1.jpg in Resources */,
				C934F9B416D79D4000B294F4 /* 2.jpg in Resources */,
				C934F9B516D79D4000B294F4 /* 3.jpg in Resources */,
				C934F9B616D79D4000B294F4 /* 4.jpg in Resources */,
				C934F9B716D79D4000B294F4 /* 5.jpg in Resources */,
				C934F9B816D79D4000B294F4 /* 6.jpg in Resources */,
				C95CF2DA16D7B5C200222043 /* YBSingleWeatherViewController.xib in Resources */,
				C989BA2516D85E3A00A6E198 /* bg@2x.jpg in Resources */,
				C9B2EE2F16D9BC9A00C00DBE /* d00.png in Resources */,
				C9B2EE3016D9BC9A00C00DBE /* d01.png in Resources */,
				C9B2EE3116D9BC9A00C00DBE /* d02.png in Resources */,
				C9B2EE3216D9BC9A00C00DBE /* d03.png in Resources */,
				C9B2EE3316D9BC9A00C00DBE /* d04.png in Resources */,
				C9B2EE3416D9BC9A00C00DBE /* d05.png in Resources */,
				C9B2EE3516D9BC9A00C00DBE /* d06.png in Resources */,
				C9B2EE3616D9BC9A00C00DBE /* d07.png in Resources */,
				C9B2EE3716D9BC9A00C00DBE /* d08.png in Resources */,
				C9B2EE3816D9BC9A00C00DBE /* d09.png in Resources */,
				C9B2EE3916D9BC9A00C00DBE /* d11.png in Resources */,
				C9B2EE3A16D9BC9A00C00DBE /* d12.png in Resources */,
				C9B2EE3B16D9BC9A00C00DBE /* d13.png in Resources */,
				C9690C1016DE4C1100C39534 /* 02.png in Resources */,
				C9690C1116DE4C1100C39534 /* 03.png in Resources */,
				C9690C1216DE4C1100C39534 /* 04.png in Resources */,
				C9690C1316DE4C1100C39534 /* 05.png in Resources */,
				C9690C1416DE4C1100C39534 /* 06.png in Resources */,
				C9690C1516DE4C1100C39534 /* 10.png in Resources */,
				C9690C1616DE4C1100C39534 /* 13.png in Resources */,
				C9690C1716DE4C1100C39534 /* 17.png in Resources */,
				C9690C1816DE4C1100C39534 /* 18.png in Resources */,
				C9690C1916DE4C1100C39534 /* 20.png in Resources */,
				C9690C1A16DE4C1100C39534 /* 21.png in Resources */,
				C9690C1B16DE4C1100C39534 /* 22.png in Resources */,
				C9690C1C16DE4C1100C39534 /* 23.png in Resources */,
				C9690C1D16DE4C1100C39534 /* 24.png in Resources */,
				C9690C1E16DE4C1100C39534 /* 26.png in Resources */,
				C9690C1F16DE4C1100C39534 /* 29.png in Resources */,
				C9690C2016DE4C1100C39534 /* 30.png in Resources */,
				C9690C2116DE4C1100C39534 /* 32.png in Resources */,
				C9690C2216DE4C1100C39534 /* 33.png in Resources */,
				C9690C2316DE4C1100C39534 /* 34.png in Resources */,
				C9690C2416DE4C1100C39534 /* 35.png in Resources */,
				C9690C2516DE4C1100C39534 /* 37.png in Resources */,
				C9690C2616DE4C1100C39534 /* 38.png in Resources */,
				C9690C2716DE4C1100C39534 /* 39.png in Resources */,
				C9690C2816DE4C1100C39534 /* 40.png in Resources */,
				C9690C2916DE4C1100C39534 /* 41.png in Resources */,
				C9690C2A16DE4C1100C39534 /* 44.png in Resources */,
				C9690C2B16DE4C1100C39534 /* 45.png in Resources */,
				C9690C2C16DE4C1100C39534 /* 46.png in Resources */,
				C9690C2D16DE4C1100C39534 /* 48.png in Resources */,
				C9690C2E16DE4C1100C39534 /* 49.png in Resources */,
				C9690C2F16DE4C1100C39534 /* background.png in Resources */,
				C9690C3016DE4C1100C39534 /* d00.png in Resources */,
				C9690C3116DE4C1100C39534 /* d01.png in Resources */,
				C9690C3216DE4C1100C39534 /* d02.png in Resources */,
				C9690C3316DE4C1100C39534 /* d03.png in Resources */,
				C9690C3416DE4C1100C39534 /* d04.png in Resources */,
				C9690C3516DE4C1100C39534 /* d05.png in Resources */,
				C9690C3616DE4C1100C39534 /* d07.png in Resources */,
				C9690C3716DE4C1100C39534 /* d08.png in Resources */,
				C9690C3816DE4C1100C39534 /* d09.png in Resources */,
				C9690C3916DE4C1100C39534 /* d10.png in Resources */,
				C9690C3A16DE4C1100C39534 /* d11.png in Resources */,
				C9690C3B16DE4C1100C39534 /* d12.png in Resources */,
				C9690C3C16DE4C1100C39534 /* d13.png in Resources */,
				C9690C3D16DE4C1100C39534 /* d14.png in Resources */,
				C9690C3E16DE4C1100C39534 /* d15.png in Resources */,
				C9690C3F16DE4C1100C39534 /* d16.png in Resources */,
				C9690C4016DE4C1100C39534 /* d17.png in Resources */,
				C9690C4116DE4C1100C39534 /* d18.png in Resources */,
				C9690C4216DE4C1100C39534 /* d19.png in Resources */,
				C9690C4316DE4C1100C39534 /* d20.png in Resources */,
			);
			runOnlyForDeploymentPostprocessing = 0;
		};
/* End PBXResourcesBuildPhase section */

/* Begin PBXSourcesBuildPhase section */
		C907121316CFD92000ED0062 /* Sources */ = {
			isa = PBXSourcesBuildPhase;
			buildActionMask = 2147483647;
			files = (
				C907122716CFD92000ED0062 /* main.m in Sources */,
				C907122B16CFD92000ED0062 /* YBAppDelegate.m in Sources */,
				C907124216CFDB2C00ED0062 /* YBUtils.m in Sources */,
				C907124516CFDB6100ED0062 /* UIColor+HEX.m in Sources */,
				C9EC3AC716D25D23003B76FE /* YBMainViewController.m in Sources */,
				C9EC3ACA16D2652A003B76FE /* CheckNetwork.m in Sources */,
				C9EC3ACD16D2657E003B76FE /* Reachability.m in Sources */,
				C9BDF4AF16D3B75F00E59621 /* YBWeatherQuery.m in Sources */,
				C92303BE16D50698003A14EE /* YBCityViewController.m in Sources */,
				C9F0D99C16D6506700C86514 /* YBCityListViewController.m in Sources */,
				C934F9AB16D79B6B00B294F4 /* YBDefaultViewController.m in Sources */,
				C95CF2D916D7B5C200222043 /* YBSingleWeatherViewController.m in Sources */,
			);
			runOnlyForDeploymentPostprocessing = 0;
		};
/* End PBXSourcesBuildPhase section */

/* Begin PBXVariantGroup section */
		C907122316CFD92000ED0062 /* InfoPlist.strings */ = {
			isa = PBXVariantGroup;
			children = (
				C907122416CFD92000ED0062 /* en */,
			);
			name = InfoPlist.strings;
			sourceTree = "<group>";
		};
/* End PBXVariantGroup section */

/* Begin XCBuildConfiguration section */
		C907123216CFD92000ED0062 /* Debug */ = {
			isa = XCBuildConfiguration;
			buildSettings = {
				ALWAYS_SEARCH_USER_PATHS = NO;
				CLANG_CXX_LANGUAGE_STANDARD = "gnu++0x";
				CLANG_CXX_LIBRARY = "libc++";
				CLANG_ENABLE_OBJC_ARC = YES;
				CLANG_WARN_CONSTANT_CONVERSION = YES;
				CLANG_WARN_EMPTY_BODY = YES;
				CLANG_WARN_ENUM_CONVERSION = YES;
				CLANG_WARN_INT_CONVERSION = YES;
				CLANG_WARN__DUPLICATE_METHOD_MATCH = YES;
				"CODE_SIGN_IDENTITY[sdk=iphoneos*]" = "iPhone Developer";
				COPY_PHASE_STRIP = NO;
				GCC_C_LANGUAGE_STANDARD = gnu99;
				GCC_DYNAMIC_NO_PIC = NO;
				GCC_OPTIMIZATION_LEVEL = 0;
				GCC_PREPROCESSOR_DEFINITIONS = (
					"DEBUG=1",
					"$(inherited)",
				);
				GCC_SYMBOLS_PRIVATE_EXTERN = NO;
				GCC_WARN_ABOUT_RETURN_TYPE = YES;
				GCC_WARN_UNINITIALIZED_AUTOS = YES;
				GCC_WARN_UNUSED_VARIABLE = YES;
				IPHONEOS_DEPLOYMENT_TARGET = 5.0;
				ONLY_ACTIVE_ARCH = YES;
				SDKROOT = iphoneos;
			};
			name = Debug;
		};
		C907123316CFD92000ED0062 /* Release */ = {
			isa = XCBuildConfiguration;
			buildSettings = {
				ALWAYS_SEARCH_USER_PATHS = NO;
				CLANG_CXX_LANGUAGE_STANDARD = "gnu++0x";
				CLANG_CXX_LIBRARY = "libc++";
				CLANG_ENABLE_OBJC_ARC = YES;
				CLANG_WARN_CONSTANT_CONVERSION = YES;
				CLANG_WARN_EMPTY_BODY = YES;
				CLANG_WARN_ENUM_CONVERSION = YES;
				CLANG_WARN_INT_CONVERSION = YES;
				CLANG_WARN__DUPLICATE_METHOD_MATCH = YES;
				"CODE_SIGN_IDENTITY[sdk=iphoneos*]" = "iPhone Developer";
				COPY_PHASE_STRIP = YES;
				GCC_C_LANGUAGE_STANDARD = gnu99;
				GCC_WARN_ABOUT_RETURN_TYPE = YES;
				GCC_WARN_UNINITIALIZED_AUTOS = YES;
				GCC_WARN_UNUSED_VARIABLE = YES;
				IPHONEOS_DEPLOYMENT_TARGET = 5.0;
				OTHER_CFLAGS = "-DNS_BLOCK_ASSERTIONS=1";
				SDKROOT = iphoneos;
				VALIDATE_PRODUCT = YES;
			};
			name = Release;
		};
		C907123516CFD92000ED0062 /* Debug */ = {
			isa = XCBuildConfiguration;
			buildSettings = {
				GCC_PRECOMPILE_PREFIX_HEADER = YES;
				GCC_PREFIX_HEADER = "WeatherReport/WeatherReport-Prefix.pch";
				INFOPLIST_FILE = "WeatherReport/WeatherReport-Info.plist";
				IPHONEOS_DEPLOYMENT_TARGET = 5.0;
				PRODUCT_NAME = "$(TARGET_NAME)";
				WRAPPER_EXTENSION = app;
			};
			name = Debug;
		};
		C907123616CFD92000ED0062 /* Release */ = {
			isa = XCBuildConfiguration;
			buildSettings = {
				GCC_PRECOMPILE_PREFIX_HEADER = YES;
				GCC_PREFIX_HEADER = "WeatherReport/WeatherReport-Prefix.pch";
				INFOPLIST_FILE = "WeatherReport/WeatherReport-Info.plist";
				IPHONEOS_DEPLOYMENT_TARGET = 5.0;
				PRODUCT_NAME = "$(TARGET_NAME)";
				WRAPPER_EXTENSION = app;
			};
			name = Release;
		};
/* End XCBuildConfiguration section */

/* Begin XCConfigurationList section */
		C907121216CFD92000ED0062 /* Build configuration list for PBXProject "WeatherReport" */ = {
			isa = XCConfigurationList;
			buildConfigurations = (
				C907123216CFD92000ED0062 /* Debug */,
				C907123316CFD92000ED0062 /* Release */,
			);
			defaultConfigurationIsVisible = 0;
			defaultConfigurationName = Release;
		};
		C907123416CFD92000ED0062 /* Build configuration list for PBXNativeTarget "WeatherReport" */ = {
			isa = XCConfigurationList;
			buildConfigurations = (
				C907123516CFD92000ED0062 /* Debug */,
				C907123616CFD92000ED0062 /* Release */,
			);
			defaultConfigurationIsVisible = 0;
			defaultConfigurationName = Release;
		};
/* End XCConfigurationList section */
	};
	rootObject = C907120F16CFD92000ED0062 /* Project object */;
}
