// !$*UTF8*$!
{
	archiveVersion = 1;
	classes = {
	};
	objectVersion = 46;
	objects = {

/* Begin PBXBuildFile section */
		C907121B16CFD92000ED0062 /* UIKit.framework in Frameworks */ = {isa = PBXBuildFile; fileRef = C907121A16CFD92000ED0062 /* UIKit.framework */; };
		C907121D16CFD92000ED0062 /* Foundation.framework in Frameworks */ = {isa = PBXBuildFile; fileRef = C907121C16CFD92000ED0062 /* Foundation.framework */; };
		C907121F16CFD92000ED0062 /* CoreGraphics.framework in Frameworks */ = {isa = PBXBuildFile; fileRef = C907121E16CFD92000ED0062 /* CoreGraphics.framework */; };
		C907122516CFD92000ED0062 /* InfoPlist.strings in Resources */ = {isa = PBXBuildFile; fileRef = C907122316CFD92000ED0062 /* InfoPlist.strings */; };
		C907122716CFD92000ED0062 /* main.m in Sources */ = {isa = PBXBuildFile; fileRef = C907122616CFD92000ED0062 /* main.m */; };
		C907122B16CFD92000ED0062 /* YBAppDelegate.m in Sources */ = {isa = PBXBuildFile; fileRef = C907122A16CFD92000ED0062 /* YBAppDelegate.m */; };
		C907122D16CFD92000ED0062 /* Default.png in Resources */ = {isa = PBXBuildFile; fileRef = C907122C16CFD92000ED0062 /* Default.png */; };
		C907122F16CFD92000ED0062 /* Default@2x.png in Resources */ = {isa = PBXBuildFile; fileRef = C907122E16CFD92000ED0062 /* Default@2x.png */; };
		C907123116CFD92000ED0062 /* Default-568h@2x.png in Resources */ = {isa = PBXBuildFile; fileRef = C907123016CFD92000ED0062 /* Default-568h@2x.png */; };
		C907123816CFDA5F00ED0062 /* MapKit.framework in Frameworks */ = {isa = PBXBuildFile; fileRef = C907123716CFDA5F00ED0062 /* MapKit.framework */; };
		C907124216CFDB2C00ED0062 /* YBUtils.m in Sources */ = {isa = PBXBuildFile; fileRef = C907124116CFDB2C00ED0062 /* YBUtils.m */; };
		C907124516CFDB6100ED0062 /* UIColor+HEX.m in Sources */ = {isa = PBXBuildFile; fileRef = C907124416CFDB6100ED0062 /* UIColor+HEX.m */; };
		C907124716CFDC8900ED0062 /* city.plist in Resources */ = {isa = PBXBuildFile; fileRef = C907124616CFDC8900ED0062 /* city.plist */; };
		C907124916CFDD6400ED0062 /* CoreLocation.framework in Frameworks */ = {isa = PBXBuildFile; fileRef = C907124816CFDD6300ED0062 /* CoreLocation.framework */; };
		C92C124317159ED700BE0598 /* Icon-72.png in Resources */ = {isa = PBXBuildFile; fileRef = C92C123E17159ED700BE0598 /* Icon-72.png */; };
		C92C124417159ED700BE0598 /* Icon-Small-50.png in Resources */ = {isa = PBXBuildFile; fileRef = C92C123F17159ED700BE0598 /* Icon-Small-50.png */; };
		C92C124517159ED700BE0598 /* Icon-Small.png in Resources */ = {isa = PBXBuildFile; fileRef = C92C124017159ED700BE0598 /* Icon-Small.png */; };
		C92C124617159ED700BE0598 /* Icon-Small@2x.png in Resources */ = {isa = PBXBuildFile; fileRef = C92C124117159ED700BE0598 /* Icon-Small@2x.png */; };
		C92C124717159ED700BE0598 /* ItunesArtwork in Resources */ = {isa = PBXBuildFile; fileRef = C92C124217159ED700BE0598 /* ItunesArtwork */; };
		C92CDAE216D8E64300C6A8BA /* QuartzCore.framework in Frameworks */ = {isa = PBXBuildFile; fileRef = C92CDAE116D8E64300C6A8BA /* QuartzCore.framework */; };
		C9371DFE16DF7E3700A77266 /* YBAutomaticViewController.m in Sources */ = {isa = PBXBuildFile; fileRef = C9371DFC16DF7E3700A77266 /* YBAutomaticViewController.m */; };
		C9371DFF16DF7E3700A77266 /* YBAutomaticViewController.xib in Resources */ = {isa = PBXBuildFile; fileRef = C9371DFD16DF7E3700A77266 /* YBAutomaticViewController.xib */; };
		C9371E4316DF836D00A77266 /* a0@2x.png in Resources */ = {isa = PBXBuildFile; fileRef = C9371E0116DF836D00A77266 /* a0@2x.png */; };
		C9371E4516DF836D00A77266 /* a1@2x.png in Resources */ = {isa = PBXBuildFile; fileRef = C9371E0316DF836D00A77266 /* a1@2x.png */; };
		C9371E4716DF836D00A77266 /* a2@2x.png in Resources */ = {isa = PBXBuildFile; fileRef = C9371E0516DF836D00A77266 /* a2@2x.png */; };
		C9371E4916DF836D00A77266 /* a3@2x.png in Resources */ = {isa = PBXBuildFile; fileRef = C9371E0716DF836D00A77266 /* a3@2x.png */; };
		C9371E4B16DF836D00A77266 /* a4@2x.png in Resources */ = {isa = PBXBuildFile; fileRef = C9371E0916DF836D00A77266 /* a4@2x.png */; };
		C9371E4D16DF836D00A77266 /* a5@2x.png in Resources */ = {isa = PBXBuildFile; fileRef = C9371E0B16DF836D00A77266 /* a5@2x.png */; };
		C9371E4F16DF836D00A77266 /* a6@2x.png in Resources */ = {isa = PBXBuildFile; fileRef = C9371E0D16DF836D00A77266 /* a6@2x.png */; };
		C9371E5116DF836D00A77266 /* a7@2x.png in Resources */ = {isa = PBXBuildFile; fileRef = C9371E0F16DF836D00A77266 /* a7@2x.png */; };
		C9371E5316DF836D00A77266 /* a8@2x.png in Resources */ = {isa = PBXBuildFile; fileRef = C9371E1116DF836D00A77266 /* a8@2x.png */; };
		C9371E5516DF836D00A77266 /* a9@2x.png in Resources */ = {isa = PBXBuildFile; fileRef = C9371E1316DF836D00A77266 /* a9@2x.png */; };
		C9371E5716DF836D00A77266 /* a10@2x.png in Resources */ = {isa = PBXBuildFile; fileRef = C9371E1516DF836D00A77266 /* a10@2x.png */; };
		C9371E5916DF836D00A77266 /* a11@2x.png in Resources */ = {isa = PBXBuildFile; fileRef = C9371E1716DF836D00A77266 /* a11@2x.png */; };
		C9371E5B16DF836D00A77266 /* a12@2x.png in Resources */ = {isa = PBXBuildFile; fileRef = C9371E1916DF836D00A77266 /* a12@2x.png */; };
		C9371E5D16DF836D00A77266 /* a13@2x.png in Resources */ = {isa = PBXBuildFile; fileRef = C9371E1B16DF836D00A77266 /* a13@2x.png */; };
		C9371E5F16DF836D00A77266 /* a14@2x.png in Resources */ = {isa = PBXBuildFile; fileRef = C9371E1D16DF836D00A77266 /* a14@2x.png */; };
		C9371E6316DF836D00A77266 /* a16@2x.png in Resources */ = {isa = PBXBuildFile; fileRef = C9371E2116DF836D00A77266 /* a16@2x.png */; };
		C9371E6516DF836D00A77266 /* a17@2x.png in Resources */ = {isa = PBXBuildFile; fileRef = C9371E2316DF836D00A77266 /* a17@2x.png */; };
		C9371E6716DF836D00A77266 /* a18@2x.png in Resources */ = {isa = PBXBuildFile; fileRef = C9371E2516DF836D00A77266 /* a18@2x.png */; };
		C9371E6B16DF836D00A77266 /* a20@2x.png in Resources */ = {isa = PBXBuildFile; fileRef = C9371E2916DF836D00A77266 /* a20@2x.png */; };
		C9371E6D16DF836D00A77266 /* a21@2x.png in Resources */ = {isa = PBXBuildFile; fileRef = C9371E2B16DF836D00A77266 /* a21@2x.png */; };
		C9371E6F16DF836D00A77266 /* a22@2x.png in Resources */ = {isa = PBXBuildFile; fileRef = C9371E2D16DF836D00A77266 /* a22@2x.png */; };
		C9371E7116DF836D00A77266 /* a23@2x.png in Resources */ = {isa = PBXBuildFile; fileRef = C9371E2F16DF836D00A77266 /* a23@2x.png */; };
		C9371E7316DF836D00A77266 /* a24@2x.png in Resources */ = {isa = PBXBuildFile; fileRef = C9371E3116DF836D00A77266 /* a24@2x.png */; };
		C9371E7516DF836D00A77266 /* a25@2x.png in Resources */ = {isa = PBXBuildFile; fileRef = C9371E3316DF836D00A77266 /* a25@2x.png */; };
		C9371E7716DF836D00A77266 /* a26@2x.png in Resources */ = {isa = PBXBuildFile; fileRef = C9371E3516DF836D00A77266 /* a26@2x.png */; };
		C9371E7916DF836D00A77266 /* a27@2x.png in Resources */ = {isa = PBXBuildFile; fileRef = C9371E3716DF836D00A77266 /* a27@2x.png */; };
		C9371E7B16DF836D00A77266 /* a28@2x.png in Resources */ = {isa = PBXBuildFile; fileRef = C9371E3916DF836D00A77266 /* a28@2x.png */; };
		C9371E7D16DF836D00A77266 /* a29@2x.png in Resources */ = {isa = PBXBuildFile; fileRef = C9371E3B16DF836D00A77266 /* a29@2x.png */; };
		C9371E7F16DF836D00A77266 /* a30@2x.png in Resources */ = {isa = PBXBuildFile; fileRef = C9371E3D16DF836D00A77266 /* a30@2x.png */; };
		C9371E8116DF836D00A77266 /* a31@2x.png in Resources */ = {isa = PBXBuildFile; fileRef = C9371E3F16DF836D00A77266 /* a31@2x.png */; };
		C9371E8216DF836D00A77266 /* background.png in Resources */ = {isa = PBXBuildFile; fileRef = C9371E4016DF836D00A77266 /* background.png */; };
		C9371E8316DF836D00A77266 /* background@2x.png in Resources */ = {isa = PBXBuildFile; fileRef = C9371E4116DF836D00A77266 /* background@2x.png */; };
		C93CD2D21735C2BB000E8FDC /* YBMainViewController.m in Sources */ = {isa = PBXBuildFile; fileRef = C93CD2D11735C2BB000E8FDC /* YBMainViewController.m */; };
		C93ED72216E4BFE600D1890E /* AFHTTPClient.m in Sources */ = {isa = PBXBuildFile; fileRef = C93ED71016E4BFE600D1890E /* AFHTTPClient.m */; };
		C93ED72316E4BFE600D1890E /* AFHTTPRequestOperation.m in Sources */ = {isa = PBXBuildFile; fileRef = C93ED71216E4BFE600D1890E /* AFHTTPRequestOperation.m */; };
		C93ED72416E4BFE600D1890E /* AFImageRequestOperation.m in Sources */ = {isa = PBXBuildFile; fileRef = C93ED71416E4BFE600D1890E /* AFImageRequestOperation.m */; };
		C93ED72516E4BFE600D1890E /* AFJSONRequestOperation.m in Sources */ = {isa = PBXBuildFile; fileRef = C93ED71616E4BFE600D1890E /* AFJSONRequestOperation.m */; };
		C93ED72616E4BFE600D1890E /* AFNetworkActivityIndicatorManager.m in Sources */ = {isa = PBXBuildFile; fileRef = C93ED71816E4BFE600D1890E /* AFNetworkActivityIndicatorManager.m */; };
		C93ED72716E4BFE600D1890E /* AFPropertyListRequestOperation.m in Sources */ = {isa = PBXBuildFile; fileRef = C93ED71B16E4BFE600D1890E /* AFPropertyListRequestOperation.m */; };
		C93ED72816E4BFE600D1890E /* AFURLConnectionOperation.m in Sources */ = {isa = PBXBuildFile; fileRef = C93ED71D16E4BFE600D1890E /* AFURLConnectionOperation.m */; };
		C93ED72916E4BFE600D1890E /* AFXMLRequestOperation.m in Sources */ = {isa = PBXBuildFile; fileRef = C93ED71F16E4BFE600D1890E /* AFXMLRequestOperation.m */; };
		C93ED72A16E4BFE600D1890E /* UIImageView+AFNetworking.m in Sources */ = {isa = PBXBuildFile; fileRef = C93ED72116E4BFE600D1890E /* UIImageView+AFNetworking.m */; };
		C941A05417145199005F76B5 /* SVProgressHUD.bundle in Resources */ = {isa = PBXBuildFile; fileRef = C941A05117145199005F76B5 /* SVProgressHUD.bundle */; };
		C941A05517145199005F76B5 /* SVProgressHUD.m in Sources */ = {isa = PBXBuildFile; fileRef = C941A05317145199005F76B5 /* SVProgressHUD.m */; };
		C948E07E16E8CB3D000589FB /* POAPinyin.m in Sources */ = {isa = PBXBuildFile; fileRef = C948E07D16E8CB3D000589FB /* POAPinyin.m */; settings = {COMPILER_FLAGS = "-fno-objc-arc"; }; };
		C94B0F3816E0E56600201899 /* location.png in Resources */ = {isa = PBXBuildFile; fileRef = C94B0F3616E0E56600201899 /* location.png */; };
		C94B0F3916E0E56600201899 /* location@2x.png in Resources */ = {isa = PBXBuildFile; fileRef = C94B0F3716E0E56600201899 /* location@2x.png */; };
		C972BF2F16E0EEC5008706EC /* a0s@2x.png in Resources */ = {isa = PBXBuildFile; fileRef = C972BF1116E0EEC5008706EC /* a0s@2x.png */; };
		C972BF3016E0EEC5008706EC /* a1s@2x.png in Resources */ = {isa = PBXBuildFile; fileRef = C972BF1216E0EEC5008706EC /* a1s@2x.png */; };
		C972BF3116E0EEC5008706EC /* a2s@2x.png in Resources */ = {isa = PBXBuildFile; fileRef = C972BF1316E0EEC5008706EC /* a2s@2x.png */; };
		C972BF3216E0EEC5008706EC /* a3s@2x.png in Resources */ = {isa = PBXBuildFile; fileRef = C972BF1416E0EEC5008706EC /* a3s@2x.png */; };
		C972BF3316E0EEC5008706EC /* a4s@2x.png in Resources */ = {isa = PBXBuildFile; fileRef = C972BF1516E0EEC5008706EC /* a4s@2x.png */; };
		C972BF3416E0EEC5008706EC /* a5s@2x.png in Resources */ = {isa = PBXBuildFile; fileRef = C972BF1616E0EEC5008706EC /* a5s@2x.png */; };
		C972BF3516E0EEC5008706EC /* a6s@2x.png in Resources */ = {isa = PBXBuildFile; fileRef = C972BF1716E0EEC5008706EC /* a6s@2x.png */; };
		C972BF3616E0EEC5008706EC /* a7s@2x.png in Resources */ = {isa = PBXBuildFile; fileRef = C972BF1816E0EEC5008706EC /* a7s@2x.png */; };
		C972BF3716E0EEC5008706EC /* a8s@2x.png in Resources */ = {isa = PBXBuildFile; fileRef = C972BF1916E0EEC5008706EC /* a8s@2x.png */; };
		C972BF3816E0EEC5008706EC /* a9s@2x.png in Resources */ = {isa = PBXBuildFile; fileRef = C972BF1A16E0EEC5008706EC /* a9s@2x.png */; };
		C972BF3916E0EEC5008706EC /* a10s@2x.png in Resources */ = {isa = PBXBuildFile; fileRef = C972BF1B16E0EEC5008706EC /* a10s@2x.png */; };
		C972BF3A16E0EEC5008706EC /* a11s@2x.png in Resources */ = {isa = PBXBuildFile; fileRef = C972BF1C16E0EEC5008706EC /* a11s@2x.png */; };
		C972BF3B16E0EEC5008706EC /* a12s@2x.png in Resources */ = {isa = PBXBuildFile; fileRef = C972BF1D16E0EEC5008706EC /* a12s@2x.png */; };
		C972BF3C16E0EEC5008706EC /* a13s@2x.png in Resources */ = {isa = PBXBuildFile; fileRef = C972BF1E16E0EEC5008706EC /* a13s@2x.png */; };
		C972BF3D16E0EEC5008706EC /* a14s@2x.png in Resources */ = {isa = PBXBuildFile; fileRef = C972BF1F16E0EEC5008706EC /* a14s@2x.png */; };
		C972BF3E16E0EEC5008706EC /* a16s@2x.png in Resources */ = {isa = PBXBuildFile; fileRef = C972BF2016E0EEC5008706EC /* a16s@2x.png */; };
		C972BF3F16E0EEC5008706EC /* a17s@2x.png in Resources */ = {isa = PBXBuildFile; fileRef = C972BF2116E0EEC5008706EC /* a17s@2x.png */; };
		C972BF4016E0EEC5008706EC /* a18s@2x.png in Resources */ = {isa = PBXBuildFile; fileRef = C972BF2216E0EEC5008706EC /* a18s@2x.png */; };
		C972BF4116E0EEC5008706EC /* a20s@2x.png in Resources */ = {isa = PBXBuildFile; fileRef = C972BF2316E0EEC5008706EC /* a20s@2x.png */; };
		C972BF4216E0EEC5008706EC /* a21s@2x.png in Resources */ = {isa = PBXBuildFile; fileRef = C972BF2416E0EEC5008706EC /* a21s@2x.png */; };
		C972BF4316E0EEC5008706EC /* a22s@2x.png in Resources */ = {isa = PBXBuildFile; fileRef = C972BF2516E0EEC5008706EC /* a22s@2x.png */; };
		C972BF4416E0EEC5008706EC /* a23s@2x.png in Resources */ = {isa = PBXBuildFile; fileRef = C972BF2616E0EEC5008706EC /* a23s@2x.png */; };
		C972BF4516E0EEC5008706EC /* a24s@2x.png in Resources */ = {isa = PBXBuildFile; fileRef = C972BF2716E0EEC5008706EC /* a24s@2x.png */; };
		C972BF4616E0EEC5008706EC /* a25s@2x.png in Resources */ = {isa = PBXBuildFile; fileRef = C972BF2816E0EEC5008706EC /* a25s@2x.png */; };
		C972BF4716E0EEC5008706EC /* a26s@2x.png in Resources */ = {isa = PBXBuildFile; fileRef = C972BF2916E0EEC5008706EC /* a26s@2x.png */; };
		C972BF4816E0EEC5008706EC /* a27s@2x.png in Resources */ = {isa = PBXBuildFile; fileRef = C972BF2A16E0EEC5008706EC /* a27s@2x.png */; };
		C972BF4916E0EEC5008706EC /* a28s@2x.png in Resources */ = {isa = PBXBuildFile; fileRef = C972BF2B16E0EEC5008706EC /* a28s@2x.png */; };
		C972BF4A16E0EEC5008706EC /* a29s@2x.png in Resources */ = {isa = PBXBuildFile; fileRef = C972BF2C16E0EEC5008706EC /* a29s@2x.png */; };
		C972BF4B16E0EEC5008706EC /* a30s@2x.png in Resources */ = {isa = PBXBuildFile; fileRef = C972BF2D16E0EEC5008706EC /* a30s@2x.png */; };
		C972BF4C16E0EEC5008706EC /* a31s@2x.png in Resources */ = {isa = PBXBuildFile; fileRef = C972BF2E16E0EEC5008706EC /* a31s@2x.png */; };
		C972BF5116E0EF02008706EC /* a15@2x.png in Resources */ = {isa = PBXBuildFile; fileRef = C972BF4D16E0EF02008706EC /* a15@2x.png */; };
		C972BF5216E0EF02008706EC /* a15s@2x.png in Resources */ = {isa = PBXBuildFile; fileRef = C972BF4E16E0EF02008706EC /* a15s@2x.png */; };
		C972BF5316E0EF02008706EC /* a19@2x.png in Resources */ = {isa = PBXBuildFile; fileRef = C972BF4F16E0EF02008706EC /* a19@2x.png */; };
		C972BF5416E0EF02008706EC /* a19s@2x.png in Resources */ = {isa = PBXBuildFile; fileRef = C972BF5016E0EF02008706EC /* a19s@2x.png */; };
		C99941BF1735234A001DD691 /* YBMapViewController.m in Sources */ = {isa = PBXBuildFile; fileRef = C99941BD1735234A001DD691 /* YBMapViewController.m */; };
		C99941C01735234A001DD691 /* YBMapViewController.xib in Resources */ = {isa = PBXBuildFile; fileRef = C99941BE1735234A001DD691 /* YBMapViewController.xib */; };
		C99A7E9716D0F72F002B7194 /* Icon.png in Resources */ = {isa = PBXBuildFile; fileRef = C99A7E9516D0F72F002B7194 /* Icon.png */; };
		C99A7E9816D0F72F002B7194 /* Icon@2x.png in Resources */ = {isa = PBXBuildFile; fileRef = C99A7E9616D0F72F002B7194 /* Icon@2x.png */; };
		C9ADEA971723CD7200F2A656 /* WeatherDetail.m in Sources */ = {isa = PBXBuildFile; fileRef = C9ADEA961723CD7200F2A656 /* WeatherDetail.m */; };
		C9ADEA9B1723F32500F2A656 /* TodayWeather.m in Sources */ = {isa = PBXBuildFile; fileRef = C9ADEA9A1723F32500F2A656 /* TodayWeather.m */; };
		C9ADEA9D1723F36800F2A656 /* TodayWeather.xib in Resources */ = {isa = PBXBuildFile; fileRef = C9ADEA9C1723F36800F2A656 /* TodayWeather.xib */; };
		C9BDF4AF16D3B75F00E59621 /* YBWeatherQuery.m in Sources */ = {isa = PBXBuildFile; fileRef = C9BDF4AE16D3B75F00E59621 /* YBWeatherQuery.m */; };
		C9EC3ACA16D2652A003B76FE /* CheckNetwork.m in Sources */ = {isa = PBXBuildFile; fileRef = C9EC3AC916D2652A003B76FE /* CheckNetwork.m */; settings = {COMPILER_FLAGS = "-fno-objc-arc"; }; };
		C9EC3ACD16D2657E003B76FE /* Reachability.m in Sources */ = {isa = PBXBuildFile; fileRef = C9EC3ACC16D2657E003B76FE /* Reachability.m */; settings = {COMPILER_FLAGS = "-fno-objc-arc"; }; };
		C9EC3ACF16D26654003B76FE /* SystemConfiguration.framework in Frameworks */ = {isa = PBXBuildFile; fileRef = C9EC3ACE16D26654003B76FE /* SystemConfiguration.framework */; };
		C9F7BB4217236B3100B36F4F /* FreeWeatherViewController.m in Sources */ = {isa = PBXBuildFile; fileRef = C9F7BB4017236B3100B36F4F /* FreeWeatherViewController.m */; };
		C9F7BB4317236B3100B36F4F /* FreeWeatherViewController.xib in Resources */ = {isa = PBXBuildFile; fileRef = C9F7BB4117236B3100B36F4F /* FreeWeatherViewController.xib */; };
		C9F8953816E183D700440783 /* reload@2x.png in Resources */ = {isa = PBXBuildFile; fileRef = C9F8953716E183D700440783 /* reload@2x.png */; };
/* End PBXBuildFile section */

/* Begin PBXFileReference section */
		C907121716CFD92000ED0062 /* WeatherReport.app */ = {isa = PBXFileReference; explicitFileType = wrapper.application; includeInIndex = 0; path = WeatherReport.app; sourceTree = BUILT_PRODUCTS_DIR; };
		C907121A16CFD92000ED0062 /* UIKit.framework */ = {isa = PBXFileReference; lastKnownFileType = wrapper.framework; name = UIKit.framework; path = System/Library/Frameworks/UIKit.framework; sourceTree = SDKROOT; };
		C907121C16CFD92000ED0062 /* Foundation.framework */ = {isa = PBXFileReference; lastKnownFileType = wrapper.framework; name = Foundation.framework; path = System/Library/Frameworks/Foundation.framework; sourceTree = SDKROOT; };
		C907121E16CFD92000ED0062 /* CoreGraphics.framework */ = {isa = PBXFileReference; lastKnownFileType = wrapper.framework; name = CoreGraphics.framework; path = System/Library/Frameworks/CoreGraphics.framework; sourceTree = SDKROOT; };
		C907122216CFD92000ED0062 /* WeatherReport-Info.plist */ = {isa = PBXFileReference; lastKnownFileType = text.plist.xml; path = "WeatherReport-Info.plist"; sourceTree = "<group>"; };
		C907122416CFD92000ED0062 /* en */ = {isa = PBXFileReference; lastKnownFileType = text.plist.strings; name = en; path = en.lproj/InfoPlist.strings; sourceTree = "<group>"; };
		C907122616CFD92000ED0062 /* main.m */ = {isa = PBXFileReference; lastKnownFileType = sourcecode.c.objc; path = main.m; sourceTree = "<group>"; };
		C907122816CFD92000ED0062 /* WeatherReport-Prefix.pch */ = {isa = PBXFileReference; lastKnownFileType = sourcecode.c.h; path = "WeatherReport-Prefix.pch"; sourceTree = "<group>"; };
		C907122916CFD92000ED0062 /* YBAppDelegate.h */ = {isa = PBXFileReference; lastKnownFileType = sourcecode.c.h; path = YBAppDelegate.h; sourceTree = "<group>"; };
		C907122A16CFD92000ED0062 /* YBAppDelegate.m */ = {isa = PBXFileReference; lastKnownFileType = sourcecode.c.objc; path = YBAppDelegate.m; sourceTree = "<group>"; };
		C907122C16CFD92000ED0062 /* Default.png */ = {isa = PBXFileReference; lastKnownFileType = image.png; path = Default.png; sourceTree = "<group>"; };
		C907122E16CFD92000ED0062 /* Default@2x.png */ = {isa = PBXFileReference; lastKnownFileType = image.png; path = "Default@2x.png"; sourceTree = "<group>"; };
		C907123016CFD92000ED0062 /* Default-568h@2x.png */ = {isa = PBXFileReference; lastKnownFileType = image.png; path = "Default-568h@2x.png"; sourceTree = "<group>"; };
		C907123716CFDA5F00ED0062 /* MapKit.framework */ = {isa = PBXFileReference; lastKnownFileType = wrapper.framework; name = MapKit.framework; path = System/Library/Frameworks/MapKit.framework; sourceTree = SDKROOT; };
		C907124016CFDB2C00ED0062 /* YBUtils.h */ = {isa = PBXFileReference; fileEncoding = 4; lastKnownFileType = sourcecode.c.h; path = YBUtils.h; sourceTree = "<group>"; };
		C907124116CFDB2C00ED0062 /* YBUtils.m */ = {isa = PBXFileReference; fileEncoding = 4; lastKnownFileType = sourcecode.c.objc; path = YBUtils.m; sourceTree = "<group>"; };
		C907124316CFDB6100ED0062 /* UIColor+HEX.h */ = {isa = PBXFileReference; fileEncoding = 4; lastKnownFileType = sourcecode.c.h; path = "UIColor+HEX.h"; sourceTree = "<group>"; };
		C907124416CFDB6100ED0062 /* UIColor+HEX.m */ = {isa = PBXFileReference; fileEncoding = 4; lastKnownFileType = sourcecode.c.objc; path = "UIColor+HEX.m"; sourceTree = "<group>"; };
		C907124616CFDC8900ED0062 /* city.plist */ = {isa = PBXFileReference; fileEncoding = 4; lastKnownFileType = text.plist.xml; path = city.plist; sourceTree = "<group>"; };
		C907124816CFDD6300ED0062 /* CoreLocation.framework */ = {isa = PBXFileReference; lastKnownFileType = wrapper.framework; name = CoreLocation.framework; path = System/Library/Frameworks/CoreLocation.framework; sourceTree = SDKROOT; };
		C92C123E17159ED700BE0598 /* Icon-72.png */ = {isa = PBXFileReference; lastKnownFileType = image.png; path = "Icon-72.png"; sourceTree = "<group>"; };
		C92C123F17159ED700BE0598 /* Icon-Small-50.png */ = {isa = PBXFileReference; lastKnownFileType = image.png; path = "Icon-Small-50.png"; sourceTree = "<group>"; };
		C92C124017159ED700BE0598 /* Icon-Small.png */ = {isa = PBXFileReference; lastKnownFileType = image.png; path = "Icon-Small.png"; sourceTree = "<group>"; };
		C92C124117159ED700BE0598 /* Icon-Small@2x.png */ = {isa = PBXFileReference; lastKnownFileType = image.png; path = "Icon-Small@2x.png"; sourceTree = "<group>"; };
		C92C124217159ED700BE0598 /* ItunesArtwork */ = {isa = PBXFileReference; lastKnownFileType = file; path = ItunesArtwork; sourceTree = "<group>"; };
		C92CDAE116D8E64300C6A8BA /* QuartzCore.framework */ = {isa = PBXFileReference; lastKnownFileType = wrapper.framework; name = QuartzCore.framework; path = System/Library/Frameworks/QuartzCore.framework; sourceTree = SDKROOT; };
		C9371DFB16DF7E3700A77266 /* YBAutomaticViewController.h */ = {isa = PBXFileReference; fileEncoding = 4; lastKnownFileType = sourcecode.c.h; path = YBAutomaticViewController.h; sourceTree = "<group>"; };
		C9371DFC16DF7E3700A77266 /* YBAutomaticViewController.m */ = {isa = PBXFileReference; fileEncoding = 4; lastKnownFileType = sourcecode.c.objc; path = YBAutomaticViewController.m; sourceTree = "<group>"; };
		C9371DFD16DF7E3700A77266 /* YBAutomaticViewController.xib */ = {isa = PBXFileReference; fileEncoding = 4; lastKnownFileType = file.xib; path = YBAutomaticViewController.xib; sourceTree = "<group>"; };
		C9371E0116DF836D00A77266 /* a0@2x.png */ = {isa = PBXFileReference; lastKnownFileType = image.png; path = "a0@2x.png"; sourceTree = "<group>"; };
		C9371E0316DF836D00A77266 /* a1@2x.png */ = {isa = PBXFileReference; lastKnownFileType = image.png; path = "a1@2x.png"; sourceTree = "<group>"; };
		C9371E0516DF836D00A77266 /* a2@2x.png */ = {isa = PBXFileReference; lastKnownFileType = image.png; path = "a2@2x.png"; sourceTree = "<group>"; };
		C9371E0716DF836D00A77266 /* a3@2x.png */ = {isa = PBXFileReference; lastKnownFileType = image.png; path = "a3@2x.png"; sourceTree = "<group>"; };
		C9371E0916DF836D00A77266 /* a4@2x.png */ = {isa = PBXFileReference; lastKnownFileType = image.png; path = "a4@2x.png"; sourceTree = "<group>"; };
		C9371E0B16DF836D00A77266 /* a5@2x.png */ = {isa = PBXFileReference; lastKnownFileType = image.png; path = "a5@2x.png"; sourceTree = "<group>"; };
		C9371E0D16DF836D00A77266 /* a6@2x.png */ = {isa = PBXFileReference; lastKnownFileType = image.png; path = "a6@2x.png"; sourceTree = "<group>"; };
		C9371E0F16DF836D00A77266 /* a7@2x.png */ = {isa = PBXFileReference; lastKnownFileType = image.png; path = "a7@2x.png"; sourceTree = "<group>"; };
		C9371E1116DF836D00A77266 /* a8@2x.png */ = {isa = PBXFileReference; lastKnownFileType = image.png; path = "a8@2x.png"; sourceTree = "<group>"; };
		C9371E1316DF836D00A77266 /* a9@2x.png */ = {isa = PBXFileReference; lastKnownFileType = image.png; path = "a9@2x.png"; sourceTree = "<group>"; };
		C9371E1516DF836D00A77266 /* a10@2x.png */ = {isa = PBXFileReference; lastKnownFileType = image.png; path = "a10@2x.png"; sourceTree = "<group>"; };
		C9371E1716DF836D00A77266 /* a11@2x.png */ = {isa = PBXFileReference; lastKnownFileType = image.png; path = "a11@2x.png"; sourceTree = "<group>"; };
		C9371E1916DF836D00A77266 /* a12@2x.png */ = {isa = PBXFileReference; lastKnownFileType = image.png; path = "a12@2x.png"; sourceTree = "<group>"; };
		C9371E1B16DF836D00A77266 /* a13@2x.png */ = {isa = PBXFileReference; lastKnownFileType = image.png; path = "a13@2x.png"; sourceTree = "<group>"; };
		C9371E1D16DF836D00A77266 /* a14@2x.png */ = {isa = PBXFileReference; lastKnownFileType = image.png; path = "a14@2x.png"; sourceTree = "<group>"; };
		C9371E2116DF836D00A77266 /* a16@2x.png */ = {isa = PBXFileReference; lastKnownFileType = image.png; path = "a16@2x.png"; sourceTree = "<group>"; };
		C9371E2316DF836D00A77266 /* a17@2x.png */ = {isa = PBXFileReference; lastKnownFileType = image.png; path = "a17@2x.png"; sourceTree = "<group>"; };
		C9371E2516DF836D00A77266 /* a18@2x.png */ = {isa = PBXFileReference; lastKnownFileType = image.png; path = "a18@2x.png"; sourceTree = "<group>"; };
		C9371E2916DF836D00A77266 /* a20@2x.png */ = {isa = PBXFileReference; lastKnownFileType = image.png; path = "a20@2x.png"; sourceTree = "<group>"; };
		C9371E2B16DF836D00A77266 /* a21@2x.png */ = {isa = PBXFileReference; lastKnownFileType = image.png; path = "a21@2x.png"; sourceTree = "<group>"; };
		C9371E2D16DF836D00A77266 /* a22@2x.png */ = {isa = PBXFileReference; lastKnownFileType = image.png; path = "a22@2x.png"; sourceTree = "<group>"; };
		C9371E2F16DF836D00A77266 /* a23@2x.png */ = {isa = PBXFileReference; lastKnownFileType = image.png; path = "a23@2x.png"; sourceTree = "<group>"; };
		C9371E3116DF836D00A77266 /* a24@2x.png */ = {isa = PBXFileReference; lastKnownFileType = image.png; path = "a24@2x.png"; sourceTree = "<group>"; };
		C9371E3316DF836D00A77266 /* a25@2x.png */ = {isa = PBXFileReference; lastKnownFileType = image.png; path = "a25@2x.png"; sourceTree = "<group>"; };
		C9371E3516DF836D00A77266 /* a26@2x.png */ = {isa = PBXFileReference; lastKnownFileType = image.png; path = "a26@2x.png"; sourceTree = "<group>"; };
		C9371E3716DF836D00A77266 /* a27@2x.png */ = {isa = PBXFileReference; lastKnownFileType = image.png; path = "a27@2x.png"; sourceTree = "<group>"; };
		C9371E3916DF836D00A77266 /* a28@2x.png */ = {isa = PBXFileReference; lastKnownFileType = image.png; path = "a28@2x.png"; sourceTree = "<group>"; };
		C9371E3B16DF836D00A77266 /* a29@2x.png */ = {isa = PBXFileReference; lastKnownFileType = image.png; path = "a29@2x.png"; sourceTree = "<group>"; };
		C9371E3D16DF836D00A77266 /* a30@2x.png */ = {isa = PBXFileReference; lastKnownFileType = image.png; path = "a30@2x.png"; sourceTree = "<group>"; };
		C9371E3F16DF836D00A77266 /* a31@2x.png */ = {isa = PBXFileReference; lastKnownFileType = image.png; path = "a31@2x.png"; sourceTree = "<group>"; };
		C9371E4016DF836D00A77266 /* background.png */ = {isa = PBXFileReference; lastKnownFileType = image.png; path = background.png; sourceTree = "<group>"; };
		C9371E4116DF836D00A77266 /* background@2x.png */ = {isa = PBXFileReference; lastKnownFileType = image.png; path = "background@2x.png"; sourceTree = "<group>"; };
		C93CD2D01735C2BB000E8FDC /* YBMainViewController.h */ = {isa = PBXFileReference; fileEncoding = 4; lastKnownFileType = sourcecode.c.h; path = YBMainViewController.h; sourceTree = "<group>"; };
		C93CD2D11735C2BB000E8FDC /* YBMainViewController.m */ = {isa = PBXFileReference; fileEncoding = 4; lastKnownFileType = sourcecode.c.objc; path = YBMainViewController.m; sourceTree = "<group>"; };
		C93ED70F16E4BFE600D1890E /* AFHTTPClient.h */ = {isa = PBXFileReference; fileEncoding = 4; lastKnownFileType = sourcecode.c.h; path = AFHTTPClient.h; sourceTree = "<group>"; };
		C93ED71016E4BFE600D1890E /* AFHTTPClient.m */ = {isa = PBXFileReference; fileEncoding = 4; lastKnownFileType = sourcecode.c.objc; path = AFHTTPClient.m; sourceTree = "<group>"; };
		C93ED71116E4BFE600D1890E /* AFHTTPRequestOperation.h */ = {isa = PBXFileReference; fileEncoding = 4; lastKnownFileType = sourcecode.c.h; path = AFHTTPRequestOperation.h; sourceTree = "<group>"; };
		C93ED71216E4BFE600D1890E /* AFHTTPRequestOperation.m */ = {isa = PBXFileReference; fileEncoding = 4; lastKnownFileType = sourcecode.c.objc; path = AFHTTPRequestOperation.m; sourceTree = "<group>"; };
		C93ED71316E4BFE600D1890E /* AFImageRequestOperation.h */ = {isa = PBXFileReference; fileEncoding = 4; lastKnownFileType = sourcecode.c.h; path = AFImageRequestOperation.h; sourceTree = "<group>"; };
		C93ED71416E4BFE600D1890E /* AFImageRequestOperation.m */ = {isa = PBXFileReference; fileEncoding = 4; lastKnownFileType = sourcecode.c.objc; path = AFImageRequestOperation.m; sourceTree = "<group>"; };
		C93ED71516E4BFE600D1890E /* AFJSONRequestOperation.h */ = {isa = PBXFileReference; fileEncoding = 4; lastKnownFileType = sourcecode.c.h; path = AFJSONRequestOperation.h; sourceTree = "<group>"; };
		C93ED71616E4BFE600D1890E /* AFJSONRequestOperation.m */ = {isa = PBXFileReference; fileEncoding = 4; lastKnownFileType = sourcecode.c.objc; path = AFJSONRequestOperation.m; sourceTree = "<group>"; };
		C93ED71716E4BFE600D1890E /* AFNetworkActivityIndicatorManager.h */ = {isa = PBXFileReference; fileEncoding = 4; lastKnownFileType = sourcecode.c.h; path = AFNetworkActivityIndicatorManager.h; sourceTree = "<group>"; };
		C93ED71816E4BFE600D1890E /* AFNetworkActivityIndicatorManager.m */ = {isa = PBXFileReference; fileEncoding = 4; lastKnownFileType = sourcecode.c.objc; path = AFNetworkActivityIndicatorManager.m; sourceTree = "<group>"; };
		C93ED71916E4BFE600D1890E /* AFNetworking.h */ = {isa = PBXFileReference; fileEncoding = 4; lastKnownFileType = sourcecode.c.h; path = AFNetworking.h; sourceTree = "<group>"; };
		C93ED71A16E4BFE600D1890E /* AFPropertyListRequestOperation.h */ = {isa = PBXFileReference; fileEncoding = 4; lastKnownFileType = sourcecode.c.h; path = AFPropertyListRequestOperation.h; sourceTree = "<group>"; };
		C93ED71B16E4BFE600D1890E /* AFPropertyListRequestOperation.m */ = {isa = PBXFileReference; fileEncoding = 4; lastKnownFileType = sourcecode.c.objc; path = AFPropertyListRequestOperation.m; sourceTree = "<group>"; };
		C93ED71C16E4BFE600D1890E /* AFURLConnectionOperation.h */ = {isa = PBXFileReference; fileEncoding = 4; lastKnownFileType = sourcecode.c.h; path = AFURLConnectionOperation.h; sourceTree = "<group>"; };
		C93ED71D16E4BFE600D1890E /* AFURLConnectionOperation.m */ = {isa = PBXFileReference; fileEncoding = 4; lastKnownFileType = sourcecode.c.objc; path = AFURLConnectionOperation.m; sourceTree = "<group>"; };
		C93ED71E16E4BFE600D1890E /* AFXMLRequestOperation.h */ = {isa = PBXFileReference; fileEncoding = 4; lastKnownFileType = sourcecode.c.h; path = AFXMLRequestOperation.h; sourceTree = "<group>"; };
		C93ED71F16E4BFE600D1890E /* AFXMLRequestOperation.m */ = {isa = PBXFileReference; fileEncoding = 4; lastKnownFileType = sourcecode.c.objc; path = AFXMLRequestOperation.m; sourceTree = "<group>"; };
		C93ED72016E4BFE600D1890E /* UIImageView+AFNetworking.h */ = {isa = PBXFileReference; fileEncoding = 4; lastKnownFileType = sourcecode.c.h; path = "UIImageView+AFNetworking.h"; sourceTree = "<group>"; };
		C93ED72116E4BFE600D1890E /* UIImageView+AFNetworking.m */ = {isa = PBXFileReference; fileEncoding = 4; lastKnownFileType = sourcecode.c.objc; path = "UIImageView+AFNetworking.m"; sourceTree = "<group>"; };
		C941A05117145199005F76B5 /* SVProgressHUD.bundle */ = {isa = PBXFileReference; lastKnownFileType = "wrapper.plug-in"; path = SVProgressHUD.bundle; sourceTree = "<group>"; };
		C941A05217145199005F76B5 /* SVProgressHUD.h */ = {isa = PBXFileReference; fileEncoding = 4; lastKnownFileType = sourcecode.c.h; path = SVProgressHUD.h; sourceTree = "<group>"; };
		C941A05317145199005F76B5 /* SVProgressHUD.m */ = {isa = PBXFileReference; fileEncoding = 4; lastKnownFileType = sourcecode.c.objc; path = SVProgressHUD.m; sourceTree = "<group>"; };
		C941A0561714549F005F76B5 /* Const.h */ = {isa = PBXFileReference; fileEncoding = 4; lastKnownFileType = sourcecode.c.h; path = Const.h; sourceTree = "<group>"; };
		C948E07C16E8CB3D000589FB /* POAPinyin.h */ = {isa = PBXFileReference; fileEncoding = 4; lastKnownFileType = sourcecode.c.h; path = POAPinyin.h; sourceTree = "<group>"; };
		C948E07D16E8CB3D000589FB /* POAPinyin.m */ = {isa = PBXFileReference; fileEncoding = 4; lastKnownFileType = sourcecode.c.objc; path = POAPinyin.m; sourceTree = "<group>"; };
		C94B0F3616E0E56600201899 /* location.png */ = {isa = PBXFileReference; lastKnownFileType = image.png; path = location.png; sourceTree = "<group>"; };
		C94B0F3716E0E56600201899 /* location@2x.png */ = {isa = PBXFileReference; lastKnownFileType = image.png; path = "location@2x.png"; sourceTree = "<group>"; };
		C972BF1116E0EEC5008706EC /* a0s@2x.png */ = {isa = PBXFileReference; lastKnownFileType = image.png; path = "a0s@2x.png"; sourceTree = "<group>"; };
		C972BF1216E0EEC5008706EC /* a1s@2x.png */ = {isa = PBXFileReference; lastKnownFileType = image.png; path = "a1s@2x.png"; sourceTree = "<group>"; };
		C972BF1316E0EEC5008706EC /* a2s@2x.png */ = {isa = PBXFileReference; lastKnownFileType = image.png; path = "a2s@2x.png"; sourceTree = "<group>"; };
		C972BF1416E0EEC5008706EC /* a3s@2x.png */ = {isa = PBXFileReference; lastKnownFileType = image.png; path = "a3s@2x.png"; sourceTree = "<group>"; };
		C972BF1516E0EEC5008706EC /* a4s@2x.png */ = {isa = PBXFileReference; lastKnownFileType = image.png; path = "a4s@2x.png"; sourceTree = "<group>"; };
		C972BF1616E0EEC5008706EC /* a5s@2x.png */ = {isa = PBXFileReference; lastKnownFileType = image.png; path = "a5s@2x.png"; sourceTree = "<group>"; };
		C972BF1716E0EEC5008706EC /* a6s@2x.png */ = {isa = PBXFileReference; lastKnownFileType = image.png; path = "a6s@2x.png"; sourceTree = "<group>"; };
		C972BF1816E0EEC5008706EC /* a7s@2x.png */ = {isa = PBXFileReference; lastKnownFileType = image.png; path = "a7s@2x.png"; sourceTree = "<group>"; };
		C972BF1916E0EEC5008706EC /* a8s@2x.png */ = {isa = PBXFileReference; lastKnownFileType = image.png; path = "a8s@2x.png"; sourceTree = "<group>"; };
		C972BF1A16E0EEC5008706EC /* a9s@2x.png */ = {isa = PBXFileReference; lastKnownFileType = image.png; path = "a9s@2x.png"; sourceTree = "<group>"; };
		C972BF1B16E0EEC5008706EC /* a10s@2x.png */ = {isa = PBXFileReference; lastKnownFileType = image.png; path = "a10s@2x.png"; sourceTree = "<group>"; };
		C972BF1C16E0EEC5008706EC /* a11s@2x.png */ = {isa = PBXFileReference; lastKnownFileType = image.png; path = "a11s@2x.png"; sourceTree = "<group>"; };
		C972BF1D16E0EEC5008706EC /* a12s@2x.png */ = {isa = PBXFileReference; lastKnownFileType = image.png; path = "a12s@2x.png"; sourceTree = "<group>"; };
		C972BF1E16E0EEC5008706EC /* a13s@2x.png */ = {isa = PBXFileReference; lastKnownFileType = image.png; path = "a13s@2x.png"; sourceTree = "<group>"; };
		C972BF1F16E0EEC5008706EC /* a14s@2x.png */ = {isa = PBXFileReference; lastKnownFileType = image.png; path = "a14s@2x.png"; sourceTree = "<group>"; };
		C972BF2016E0EEC5008706EC /* a16s@2x.png */ = {isa = PBXFileReference; lastKnownFileType = image.png; path = "a16s@2x.png"; sourceTree = "<group>"; };
		C972BF2116E0EEC5008706EC /* a17s@2x.png */ = {isa = PBXFileReference; lastKnownFileType = image.png; path = "a17s@2x.png"; sourceTree = "<group>"; };
		C972BF2216E0EEC5008706EC /* a18s@2x.png */ = {isa = PBXFileReference; lastKnownFileType = image.png; path = "a18s@2x.png"; sourceTree = "<group>"; };
		C972BF2316E0EEC5008706EC /* a20s@2x.png */ = {isa = PBXFileReference; lastKnownFileType = image.png; path = "a20s@2x.png"; sourceTree = "<group>"; };
		C972BF2416E0EEC5008706EC /* a21s@2x.png */ = {isa = PBXFileReference; lastKnownFileType = image.png; path = "a21s@2x.png"; sourceTree = "<group>"; };
		C972BF2516E0EEC5008706EC /* a22s@2x.png */ = {isa = PBXFileReference; lastKnownFileType = image.png; path = "a22s@2x.png"; sourceTree = "<group>"; };
		C972BF2616E0EEC5008706EC /* a23s@2x.png */ = {isa = PBXFileReference; lastKnownFileType = image.png; path = "a23s@2x.png"; sourceTree = "<group>"; };
		C972BF2716E0EEC5008706EC /* a24s@2x.png */ = {isa = PBXFileReference; lastKnownFileType = image.png; path = "a24s@2x.png"; sourceTree = "<group>"; };
		C972BF2816E0EEC5008706EC /* a25s@2x.png */ = {isa = PBXFileReference; lastKnownFileType = image.png; path = "a25s@2x.png"; sourceTree = "<group>"; };
		C972BF2916E0EEC5008706EC /* a26s@2x.png */ = {isa = PBXFileReference; lastKnownFileType = image.png; path = "a26s@2x.png"; sourceTree = "<group>"; };
		C972BF2A16E0EEC5008706EC /* a27s@2x.png */ = {isa = PBXFileReference; lastKnownFileType = image.png; path = "a27s@2x.png"; sourceTree = "<group>"; };
		C972BF2B16E0EEC5008706EC /* a28s@2x.png */ = {isa = PBXFileReference; lastKnownFileType = image.png; path = "a28s@2x.png"; sourceTree = "<group>"; };
		C972BF2C16E0EEC5008706EC /* a29s@2x.png */ = {isa = PBXFileReference; lastKnownFileType = image.png; path = "a29s@2x.png"; sourceTree = "<group>"; };
		C972BF2D16E0EEC5008706EC /* a30s@2x.png */ = {isa = PBXFileReference; lastKnownFileType = image.png; path = "a30s@2x.png"; sourceTree = "<group>"; };
		C972BF2E16E0EEC5008706EC /* a31s@2x.png */ = {isa = PBXFileReference; lastKnownFileType = image.png; path = "a31s@2x.png"; sourceTree = "<group>"; };
		C972BF4D16E0EF02008706EC /* a15@2x.png */ = {isa = PBXFileReference; lastKnownFileType = image.png; path = "a15@2x.png"; sourceTree = "<group>"; };
		C972BF4E16E0EF02008706EC /* a15s@2x.png */ = {isa = PBXFileReference; lastKnownFileType = image.png; path = "a15s@2x.png"; sourceTree = "<group>"; };
		C972BF4F16E0EF02008706EC /* a19@2x.png */ = {isa = PBXFileReference; lastKnownFileType = image.png; path = "a19@2x.png"; sourceTree = "<group>"; };
		C972BF5016E0EF02008706EC /* a19s@2x.png */ = {isa = PBXFileReference; lastKnownFileType = image.png; path = "a19s@2x.png"; sourceTree = "<group>"; };
		C99941BC1735234A001DD691 /* YBMapViewController.h */ = {isa = PBXFileReference; fileEncoding = 4; lastKnownFileType = sourcecode.c.h; path = YBMapViewController.h; sourceTree = "<group>"; };
		C99941BD1735234A001DD691 /* YBMapViewController.m */ = {isa = PBXFileReference; fileEncoding = 4; lastKnownFileType = sourcecode.c.objc; path = YBMapViewController.m; sourceTree = "<group>"; };
		C99941BE1735234A001DD691 /* YBMapViewController.xib */ = {isa = PBXFileReference; fileEncoding = 4; lastKnownFileType = file.xib; path = YBMapViewController.xib; sourceTree = "<group>"; };
		C99A7E9516D0F72F002B7194 /* Icon.png */ = {isa = PBXFileReference; lastKnownFileType = image.png; path = Icon.png; sourceTree = "<group>"; };
		C99A7E9616D0F72F002B7194 /* Icon@2x.png */ = {isa = PBXFileReference; lastKnownFileType = image.png; path = "Icon@2x.png"; sourceTree = "<group>"; };
		C9ADEA951723CD7200F2A656 /* WeatherDetail.h */ = {isa = PBXFileReference; fileEncoding = 4; lastKnownFileType = sourcecode.c.h; name = WeatherDetail.h; path = ../WeatherDetail.h; sourceTree = "<group>"; };
		C9ADEA961723CD7200F2A656 /* WeatherDetail.m */ = {isa = PBXFileReference; fileEncoding = 4; lastKnownFileType = sourcecode.c.objc; name = WeatherDetail.m; path = ../WeatherDetail.m; sourceTree = "<group>"; };
		C9ADEA991723F32500F2A656 /* TodayWeather.h */ = {isa = PBXFileReference; fileEncoding = 4; lastKnownFileType = sourcecode.c.h; path = TodayWeather.h; sourceTree = "<group>"; };
		C9ADEA9A1723F32500F2A656 /* TodayWeather.m */ = {isa = PBXFileReference; fileEncoding = 4; lastKnownFileType = sourcecode.c.objc; path = TodayWeather.m; sourceTree = "<group>"; };
		C9ADEA9C1723F36800F2A656 /* TodayWeather.xib */ = {isa = PBXFileReference; fileEncoding = 4; lastKnownFileType = file.xib; path = TodayWeather.xib; sourceTree = "<group>"; };
		C9BDF4AD16D3B75F00E59621 /* YBWeatherQuery.h */ = {isa = PBXFileReference; fileEncoding = 4; lastKnownFileType = sourcecode.c.h; path = YBWeatherQuery.h; sourceTree = "<group>"; };
		C9BDF4AE16D3B75F00E59621 /* YBWeatherQuery.m */ = {isa = PBXFileReference; fileEncoding = 4; lastKnownFileType = sourcecode.c.objc; path = YBWeatherQuery.m; sourceTree = "<group>"; };
		C9EC3AC816D2652A003B76FE /* CheckNetwork.h */ = {isa = PBXFileReference; fileEncoding = 4; lastKnownFileType = sourcecode.c.h; path = CheckNetwork.h; sourceTree = "<group>"; };
		C9EC3AC916D2652A003B76FE /* CheckNetwork.m */ = {isa = PBXFileReference; fileEncoding = 4; lastKnownFileType = sourcecode.c.objc; path = CheckNetwork.m; sourceTree = "<group>"; };
		C9EC3ACB16D2657E003B76FE /* Reachability.h */ = {isa = PBXFileReference; fileEncoding = 4; lastKnownFileType = sourcecode.c.h; path = Reachability.h; sourceTree = "<group>"; };
		C9EC3ACC16D2657E003B76FE /* Reachability.m */ = {isa = PBXFileReference; fileEncoding = 4; lastKnownFileType = sourcecode.c.objc; path = Reachability.m; sourceTree = "<group>"; };
		C9EC3ACE16D26654003B76FE /* SystemConfiguration.framework */ = {isa = PBXFileReference; lastKnownFileType = wrapper.framework; name = SystemConfiguration.framework; path = System/Library/Frameworks/SystemConfiguration.framework; sourceTree = SDKROOT; };
		C9F7BB3F17236B3100B36F4F /* FreeWeatherViewController.h */ = {isa = PBXFileReference; fileEncoding = 4; lastKnownFileType = sourcecode.c.h; path = FreeWeatherViewController.h; sourceTree = "<group>"; };
		C9F7BB4017236B3100B36F4F /* FreeWeatherViewController.m */ = {isa = PBXFileReference; fileEncoding = 4; lastKnownFileType = sourcecode.c.objc; path = FreeWeatherViewController.m; sourceTree = "<group>"; };
		C9F7BB4117236B3100B36F4F /* FreeWeatherViewController.xib */ = {isa = PBXFileReference; fileEncoding = 4; lastKnownFileType = file.xib; path = FreeWeatherViewController.xib; sourceTree = "<group>"; };
		C9F8953716E183D700440783 /* reload@2x.png */ = {isa = PBXFileReference; lastKnownFileType = image.png; path = "reload@2x.png"; sourceTree = "<group>"; };
/* End PBXFileReference section */

/* Begin PBXFrameworksBuildPhase section */
		C907121416CFD92000ED0062 /* Frameworks */ = {
			isa = PBXFrameworksBuildPhase;
			buildActionMask = 2147483647;
			files = (
				C92CDAE216D8E64300C6A8BA /* QuartzCore.framework in Frameworks */,
				C9EC3ACF16D26654003B76FE /* SystemConfiguration.framework in Frameworks */,
				C907124916CFDD6400ED0062 /* CoreLocation.framework in Frameworks */,
				C907123816CFDA5F00ED0062 /* MapKit.framework in Frameworks */,
				C907121B16CFD92000ED0062 /* UIKit.framework in Frameworks */,
				C907121D16CFD92000ED0062 /* Foundation.framework in Frameworks */,
				C907121F16CFD92000ED0062 /* CoreGraphics.framework in Frameworks */,
			);
			runOnlyForDeploymentPostprocessing = 0;
		};
/* End PBXFrameworksBuildPhase section */

/* Begin PBXGroup section */
		C907120E16CFD92000ED0062 = {
			isa = PBXGroup;
			children = (
				C92CDAE116D8E64300C6A8BA /* QuartzCore.framework */,
				C9EC3ACE16D26654003B76FE /* SystemConfiguration.framework */,
				C907124816CFDD6300ED0062 /* CoreLocation.framework */,
				C907123716CFDA5F00ED0062 /* MapKit.framework */,
				C907122016CFD92000ED0062 /* WeatherReport */,
				C907121916CFD92000ED0062 /* Frameworks */,
				C907121816CFD92000ED0062 /* Products */,
			);
			sourceTree = "<group>";
		};
		C907121816CFD92000ED0062 /* Products */ = {
			isa = PBXGroup;
			children = (
				C907121716CFD92000ED0062 /* WeatherReport.app */,
			);
			name = Products;
			sourceTree = "<group>";
		};
		C907121916CFD92000ED0062 /* Frameworks */ = {
			isa = PBXGroup;
			children = (
				C907121A16CFD92000ED0062 /* UIKit.framework */,
				C907121C16CFD92000ED0062 /* Foundation.framework */,
				C907121E16CFD92000ED0062 /* CoreGraphics.framework */,
			);
			name = Frameworks;
			sourceTree = "<group>";
		};
		C907122016CFD92000ED0062 /* WeatherReport */ = {
			isa = PBXGroup;
			children = (
				C9ADEA981723F2FC00F2A656 /* view */,
				C92C123E17159ED700BE0598 /* Icon-72.png */,
				C92C123F17159ED700BE0598 /* Icon-Small-50.png */,
				C92C124017159ED700BE0598 /* Icon-Small.png */,
				C92C124117159ED700BE0598 /* Icon-Small@2x.png */,
				C92C124217159ED700BE0598 /* ItunesArtwork */,
				C941A05017145199005F76B5 /* SVProgressHUD */,
				C948E07B16E8CB3D000589FB /* allPinyin */,
				C93ED70E16E4BFE600D1890E /* AFNetworking */,
				C99A7E9516D0F72F002B7194 /* Icon.png */,
				C99A7E9616D0F72F002B7194 /* Icon@2x.png */,
				C907123916CFDA9B00ED0062 /* Resource */,
				C907122916CFD92000ED0062 /* YBAppDelegate.h */,
				C907122A16CFD92000ED0062 /* YBAppDelegate.m */,
				C907122116CFD92000ED0062 /* Supporting Files */,
				C907124016CFDB2C00ED0062 /* YBUtils.h */,
				C907124116CFDB2C00ED0062 /* YBUtils.m */,
				C907124316CFDB6100ED0062 /* UIColor+HEX.h */,
				C907124416CFDB6100ED0062 /* UIColor+HEX.m */,
				C9EC3AC816D2652A003B76FE /* CheckNetwork.h */,
				C9EC3AC916D2652A003B76FE /* CheckNetwork.m */,
				C9EC3ACB16D2657E003B76FE /* Reachability.h */,
				C9EC3ACC16D2657E003B76FE /* Reachability.m */,
				C9BDF4AD16D3B75F00E59621 /* YBWeatherQuery.h */,
				C9BDF4AE16D3B75F00E59621 /* YBWeatherQuery.m */,
				C9371DFB16DF7E3700A77266 /* YBAutomaticViewController.h */,
				C9371DFC16DF7E3700A77266 /* YBAutomaticViewController.m */,
				C9371DFD16DF7E3700A77266 /* YBAutomaticViewController.xib */,
				C941A0561714549F005F76B5 /* Const.h */,
				C9F7BB3F17236B3100B36F4F /* FreeWeatherViewController.h */,
				C9F7BB4017236B3100B36F4F /* FreeWeatherViewController.m */,
				C9F7BB4117236B3100B36F4F /* FreeWeatherViewController.xib */,
				C99941BC1735234A001DD691 /* YBMapViewController.h */,
				C99941BD1735234A001DD691 /* YBMapViewController.m */,
				C99941BE1735234A001DD691 /* YBMapViewController.xib */,
				C93CD2D01735C2BB000E8FDC /* YBMainViewController.h */,
				C93CD2D11735C2BB000E8FDC /* YBMainViewController.m */,
			);
			path = WeatherReport;
			sourceTree = "<group>";
		};
		C907122116CFD92000ED0062 /* Supporting Files */ = {
			isa = PBXGroup;
			children = (
				C907122216CFD92000ED0062 /* WeatherReport-Info.plist */,
				C907122316CFD92000ED0062 /* InfoPlist.strings */,
				C907122616CFD92000ED0062 /* main.m */,
				C907122816CFD92000ED0062 /* WeatherReport-Prefix.pch */,
				C907122C16CFD92000ED0062 /* Default.png */,
				C907122E16CFD92000ED0062 /* Default@2x.png */,
				C907123016CFD92000ED0062 /* Default-568h@2x.png */,
			);
			name = "Supporting Files";
			sourceTree = "<group>";
		};
		C907123916CFDA9B00ED0062 /* Resource */ = {
			isa = PBXGroup;
			children = (
				C99A7E6E16D0F723002B7194 /* icon */,
				C907124616CFDC8900ED0062 /* city.plist */,
			);
			path = Resource;
			sourceTree = "<group>";
		};
		C93ED70E16E4BFE600D1890E /* AFNetworking */ = {
			isa = PBXGroup;
			children = (
				C93ED70F16E4BFE600D1890E /* AFHTTPClient.h */,
				C93ED71016E4BFE600D1890E /* AFHTTPClient.m */,
				C93ED71116E4BFE600D1890E /* AFHTTPRequestOperation.h */,
				C93ED71216E4BFE600D1890E /* AFHTTPRequestOperation.m */,
				C93ED71316E4BFE600D1890E /* AFImageRequestOperation.h */,
				C93ED71416E4BFE600D1890E /* AFImageRequestOperation.m */,
				C93ED71516E4BFE600D1890E /* AFJSONRequestOperation.h */,
				C93ED71616E4BFE600D1890E /* AFJSONRequestOperation.m */,
				C93ED71716E4BFE600D1890E /* AFNetworkActivityIndicatorManager.h */,
				C93ED71816E4BFE600D1890E /* AFNetworkActivityIndicatorManager.m */,
				C93ED71916E4BFE600D1890E /* AFNetworking.h */,
				C93ED71A16E4BFE600D1890E /* AFPropertyListRequestOperation.h */,
				C93ED71B16E4BFE600D1890E /* AFPropertyListRequestOperation.m */,
				C93ED71C16E4BFE600D1890E /* AFURLConnectionOperation.h */,
				C93ED71D16E4BFE600D1890E /* AFURLConnectionOperation.m */,
				C93ED71E16E4BFE600D1890E /* AFXMLRequestOperation.h */,
				C93ED71F16E4BFE600D1890E /* AFXMLRequestOperation.m */,
				C93ED72016E4BFE600D1890E /* UIImageView+AFNetworking.h */,
				C93ED72116E4BFE600D1890E /* UIImageView+AFNetworking.m */,
			);
			path = AFNetworking;
			sourceTree = "<group>";
		};
		C941A05017145199005F76B5 /* SVProgressHUD */ = {
			isa = PBXGroup;
			children = (
				C941A05117145199005F76B5 /* SVProgressHUD.bundle */,
				C941A05217145199005F76B5 /* SVProgressHUD.h */,
				C941A05317145199005F76B5 /* SVProgressHUD.m */,
			);
			path = SVProgressHUD;
			sourceTree = "<group>";
		};
		C948E07B16E8CB3D000589FB /* allPinyin */ = {
			isa = PBXGroup;
			children = (
				C948E07C16E8CB3D000589FB /* POAPinyin.h */,
				C948E07D16E8CB3D000589FB /* POAPinyin.m */,
			);
			path = allPinyin;
			sourceTree = "<group>";
		};
		C99A7E6E16D0F723002B7194 /* icon */ = {
			isa = PBXGroup;
			children = (
				C9F8953716E183D700440783 /* reload@2x.png */,
				C972BF4D16E0EF02008706EC /* a15@2x.png */,
				C972BF4E16E0EF02008706EC /* a15s@2x.png */,
				C972BF4F16E0EF02008706EC /* a19@2x.png */,
				C972BF5016E0EF02008706EC /* a19s@2x.png */,
				C972BF1116E0EEC5008706EC /* a0s@2x.png */,
				C972BF1216E0EEC5008706EC /* a1s@2x.png */,
				C972BF1316E0EEC5008706EC /* a2s@2x.png */,
				C972BF1416E0EEC5008706EC /* a3s@2x.png */,
				C972BF1516E0EEC5008706EC /* a4s@2x.png */,
				C972BF1616E0EEC5008706EC /* a5s@2x.png */,
				C972BF1716E0EEC5008706EC /* a6s@2x.png */,
				C972BF1816E0EEC5008706EC /* a7s@2x.png */,
				C972BF1916E0EEC5008706EC /* a8s@2x.png */,
				C972BF1A16E0EEC5008706EC /* a9s@2x.png */,
				C972BF1B16E0EEC5008706EC /* a10s@2x.png */,
				C972BF1C16E0EEC5008706EC /* a11s@2x.png */,
				C972BF1D16E0EEC5008706EC /* a12s@2x.png */,
				C972BF1E16E0EEC5008706EC /* a13s@2x.png */,
				C972BF1F16E0EEC5008706EC /* a14s@2x.png */,
				C972BF2016E0EEC5008706EC /* a16s@2x.png */,
				C972BF2116E0EEC5008706EC /* a17s@2x.png */,
				C972BF2216E0EEC5008706EC /* a18s@2x.png */,
				C972BF2316E0EEC5008706EC /* a20s@2x.png */,
				C972BF2416E0EEC5008706EC /* a21s@2x.png */,
				C972BF2516E0EEC5008706EC /* a22s@2x.png */,
				C972BF2616E0EEC5008706EC /* a23s@2x.png */,
				C972BF2716E0EEC5008706EC /* a24s@2x.png */,
				C972BF2816E0EEC5008706EC /* a25s@2x.png */,
				C972BF2916E0EEC5008706EC /* a26s@2x.png */,
				C972BF2A16E0EEC5008706EC /* a27s@2x.png */,
				C972BF2B16E0EEC5008706EC /* a28s@2x.png */,
				C972BF2C16E0EEC5008706EC /* a29s@2x.png */,
				C972BF2D16E0EEC5008706EC /* a30s@2x.png */,
				C972BF2E16E0EEC5008706EC /* a31s@2x.png */,
				C94B0F3616E0E56600201899 /* location.png */,
				C94B0F3716E0E56600201899 /* location@2x.png */,
				C9371E0116DF836D00A77266 /* a0@2x.png */,
				C9371E0316DF836D00A77266 /* a1@2x.png */,
				C9371E0516DF836D00A77266 /* a2@2x.png */,
				C9371E0716DF836D00A77266 /* a3@2x.png */,
				C9371E0916DF836D00A77266 /* a4@2x.png */,
				C9371E0B16DF836D00A77266 /* a5@2x.png */,
				C9371E0D16DF836D00A77266 /* a6@2x.png */,
				C9371E0F16DF836D00A77266 /* a7@2x.png */,
				C9371E1116DF836D00A77266 /* a8@2x.png */,
				C9371E1316DF836D00A77266 /* a9@2x.png */,
				C9371E1516DF836D00A77266 /* a10@2x.png */,
				C9371E1716DF836D00A77266 /* a11@2x.png */,
				C9371E1916DF836D00A77266 /* a12@2x.png */,
				C9371E1B16DF836D00A77266 /* a13@2x.png */,
				C9371E1D16DF836D00A77266 /* a14@2x.png */,
				C9371E2116DF836D00A77266 /* a16@2x.png */,
				C9371E2316DF836D00A77266 /* a17@2x.png */,
				C9371E2516DF836D00A77266 /* a18@2x.png */,
				C9371E2916DF836D00A77266 /* a20@2x.png */,
				C9371E2B16DF836D00A77266 /* a21@2x.png */,
				C9371E2D16DF836D00A77266 /* a22@2x.png */,
				C9371E2F16DF836D00A77266 /* a23@2x.png */,
				C9371E3116DF836D00A77266 /* a24@2x.png */,
				C9371E3316DF836D00A77266 /* a25@2x.png */,
				C9371E3516DF836D00A77266 /* a26@2x.png */,
				C9371E3716DF836D00A77266 /* a27@2x.png */,
				C9371E3916DF836D00A77266 /* a28@2x.png */,
				C9371E3B16DF836D00A77266 /* a29@2x.png */,
				C9371E3D16DF836D00A77266 /* a30@2x.png */,
				C9371E3F16DF836D00A77266 /* a31@2x.png */,
				C9371E4016DF836D00A77266 /* background.png */,
				C9371E4116DF836D00A77266 /* background@2x.png */,
			);
			path = icon;
			sourceTree = "<group>";
		};
		C9ADEA981723F2FC00F2A656 /* view */ = {
			isa = PBXGroup;
			children = (
				C9ADEA951723CD7200F2A656 /* WeatherDetail.h */,
				C9ADEA961723CD7200F2A656 /* WeatherDetail.m */,
				C9ADEA991723F32500F2A656 /* TodayWeather.h */,
				C9ADEA9A1723F32500F2A656 /* TodayWeather.m */,
				C9ADEA9C1723F36800F2A656 /* TodayWeather.xib */,
			);
			path = view;
			sourceTree = "<group>";
		};
/* End PBXGroup section */

/* Begin PBXNativeTarget section */
		C907121616CFD92000ED0062 /* WeatherReport */ = {
			isa = PBXNativeTarget;
			buildConfigurationList = C907123416CFD92000ED0062 /* Build configuration list for PBXNativeTarget "WeatherReport" */;
			buildPhases = (
				C907121316CFD92000ED0062 /* Sources */,
				C907121416CFD92000ED0062 /* Frameworks */,
				C907121516CFD92000ED0062 /* Resources */,
			);
			buildRules = (
			);
			dependencies = (
			);
			name = WeatherReport;
			productName = WeatherReport;
			productReference = C907121716CFD92000ED0062 /* WeatherReport.app */;
			productType = "com.apple.product-type.application";
		};
/* End PBXNativeTarget section */

/* Begin PBXProject section */
		C907120F16CFD92000ED0062 /* Project object */ = {
			isa = PBXProject;
			attributes = {
				CLASSPREFIX = YB;
				LastUpgradeCheck = 0460;
				ORGANIZATIONNAME = us.yibin;
			};
			buildConfigurationList = C907121216CFD92000ED0062 /* Build configuration list for PBXProject "WeatherReport" */;
			compatibilityVersion = "Xcode 3.2";
			developmentRegion = English;
			hasScannedForEncodings = 0;
			knownRegions = (
				en,
			);
			mainGroup = C907120E16CFD92000ED0062;
			productRefGroup = C907121816CFD92000ED0062 /* Products */;
			projectDirPath = "";
			projectRoot = "";
			targets = (
				C907121616CFD92000ED0062 /* WeatherReport */,
			);
		};
/* End PBXProject section */

/* Begin PBXResourcesBuildPhase section */
		C907121516CFD92000ED0062 /* Resources */ = {
			isa = PBXResourcesBuildPhase;
			buildActionMask = 2147483647;
			files = (
				C907122516CFD92000ED0062 /* InfoPlist.strings in Resources */,
				C907122D16CFD92000ED0062 /* Default.png in Resources */,
				C907122F16CFD92000ED0062 /* Default@2x.png in Resources */,
				C907123116CFD92000ED0062 /* Default-568h@2x.png in Resources */,
				C907124716CFDC8900ED0062 /* city.plist in Resources */,
				C99A7E9716D0F72F002B7194 /* Icon.png in Resources */,
				C99A7E9816D0F72F002B7194 /* Icon@2x.png in Resources */,
				C9371DFF16DF7E3700A77266 /* YBAutomaticViewController.xib in Resources */,
				C9371E4316DF836D00A77266 /* a0@2x.png in Resources */,
				C9371E4516DF836D00A77266 /* a1@2x.png in Resources */,
				C9371E4716DF836D00A77266 /* a2@2x.png in Resources */,
				C9371E4916DF836D00A77266 /* a3@2x.png in Resources */,
				C9371E4B16DF836D00A77266 /* a4@2x.png in Resources */,
				C9371E4D16DF836D00A77266 /* a5@2x.png in Resources */,
				C9371E4F16DF836D00A77266 /* a6@2x.png in Resources */,
				C9371E5116DF836D00A77266 /* a7@2x.png in Resources */,
				C9371E5316DF836D00A77266 /* a8@2x.png in Resources */,
				C9371E5516DF836D00A77266 /* a9@2x.png in Resources */,
				C9371E5716DF836D00A77266 /* a10@2x.png in Resources */,
				C9371E5916DF836D00A77266 /* a11@2x.png in Resources */,
				C9371E5B16DF836D00A77266 /* a12@2x.png in Resources */,
				C9371E5D16DF836D00A77266 /* a13@2x.png in Resources */,
				C9371E5F16DF836D00A77266 /* a14@2x.png in Resources */,
				C9371E6316DF836D00A77266 /* a16@2x.png in Resources */,
				C9371E6516DF836D00A77266 /* a17@2x.png in Resources */,
				C9371E6716DF836D00A77266 /* a18@2x.png in Resources */,
				C9371E6B16DF836D00A77266 /* a20@2x.png in Resources */,
				C9371E6D16DF836D00A77266 /* a21@2x.png in Resources */,
				C9371E6F16DF836D00A77266 /* a22@2x.png in Resources */,
				C9371E7116DF836D00A77266 /* a23@2x.png in Resources */,
				C9371E7316DF836D00A77266 /* a24@2x.png in Resources */,
				C9371E7516DF836D00A77266 /* a25@2x.png in Resources */,
				C9371E7716DF836D00A77266 /* a26@2x.png in Resources */,
				C9371E7916DF836D00A77266 /* a27@2x.png in Resources */,
				C9371E7B16DF836D00A77266 /* a28@2x.png in Resources */,
				C9371E7D16DF836D00A77266 /* a29@2x.png in Resources */,
				C9371E7F16DF836D00A77266 /* a30@2x.png in Resources */,
				C9371E8116DF836D00A77266 /* a31@2x.png in Resources */,
				C9371E8216DF836D00A77266 /* background.png in Resources */,
				C9371E8316DF836D00A77266 /* background@2x.png in Resources */,
				C94B0F3816E0E56600201899 /* location.png in Resources */,
				C94B0F3916E0E56600201899 /* location@2x.png in Resources */,
				C972BF2F16E0EEC5008706EC /* a0s@2x.png in Resources */,
				C972BF3016E0EEC5008706EC /* a1s@2x.png in Resources */,
				C972BF3116E0EEC5008706EC /* a2s@2x.png in Resources */,
				C972BF3216E0EEC5008706EC /* a3s@2x.png in Resources */,
				C972BF3316E0EEC5008706EC /* a4s@2x.png in Resources */,
				C972BF3416E0EEC5008706EC /* a5s@2x.png in Resources */,
				C972BF3516E0EEC5008706EC /* a6s@2x.png in Resources */,
				C972BF3616E0EEC5008706EC /* a7s@2x.png in Resources */,
				C972BF3716E0EEC5008706EC /* a8s@2x.png in Resources */,
				C972BF3816E0EEC5008706EC /* a9s@2x.png in Resources */,
				C972BF3916E0EEC5008706EC /* a10s@2x.png in Resources */,
				C972BF3A16E0EEC5008706EC /* a11s@2x.png in Resources */,
				C972BF3B16E0EEC5008706EC /* a12s@2x.png in Resources */,
				C972BF3C16E0EEC5008706EC /* a13s@2x.png in Resources */,
				C972BF3D16E0EEC5008706EC /* a14s@2x.png in Resources */,
				C972BF3E16E0EEC5008706EC /* a16s@2x.png in Resources */,
				C972BF3F16E0EEC5008706EC /* a17s@2x.png in Resources */,
				C972BF4016E0EEC5008706EC /* a18s@2x.png in Resources */,
				C972BF4116E0EEC5008706EC /* a20s@2x.png in Resources */,
				C972BF4216E0EEC5008706EC /* a21s@2x.png in Resources */,
				C972BF4316E0EEC5008706EC /* a22s@2x.png in Resources */,
				C972BF4416E0EEC5008706EC /* a23s@2x.png in Resources */,
				C972BF4516E0EEC5008706EC /* a24s@2x.png in Resources */,
				C972BF4616E0EEC5008706EC /* a25s@2x.png in Resources */,
				C972BF4716E0EEC5008706EC /* a26s@2x.png in Resources */,
				C972BF4816E0EEC5008706EC /* a27s@2x.png in Resources */,
				C972BF4916E0EEC5008706EC /* a28s@2x.png in Resources */,
				C972BF4A16E0EEC5008706EC /* a29s@2x.png in Resources */,
				C972BF4B16E0EEC5008706EC /* a30s@2x.png in Resources */,
				C972BF4C16E0EEC5008706EC /* a31s@2x.png in Resources */,
				C972BF5116E0EF02008706EC /* a15@2x.png in Resources */,
				C972BF5216E0EF02008706EC /* a15s@2x.png in Resources */,
				C972BF5316E0EF02008706EC /* a19@2x.png in Resources */,
				C972BF5416E0EF02008706EC /* a19s@2x.png in Resources */,
				C9F8953816E183D700440783 /* reload@2x.png in Resources */,
				C941A05417145199005F76B5 /* SVProgressHUD.bundle in Resources */,
				C92C124317159ED700BE0598 /* Icon-72.png in Resources */,
				C92C124417159ED700BE0598 /* Icon-Small-50.png in Resources */,
				C92C124517159ED700BE0598 /* Icon-Small.png in Resources */,
				C92C124617159ED700BE0598 /* Icon-Small@2x.png in Resources */,
				C92C124717159ED700BE0598 /* ItunesArtwork in Resources */,
				C9F7BB4317236B3100B36F4F /* FreeWeatherViewController.xib in Resources */,
				C9ADEA9D1723F36800F2A656 /* TodayWeather.xib in Resources */,
				C99941C01735234A001DD691 /* YBMapViewController.xib in Resources */,
			);
			runOnlyForDeploymentPostprocessing = 0;
		};
/* End PBXResourcesBuildPhase section */

/* Begin PBXSourcesBuildPhase section */
		C907121316CFD92000ED0062 /* Sources */ = {
			isa = PBXSourcesBuildPhase;
			buildActionMask = 2147483647;
			files = (
				C907122716CFD92000ED0062 /* main.m in Sources */,
				C907122B16CFD92000ED0062 /* YBAppDelegate.m in Sources */,
				C907124216CFDB2C00ED0062 /* YBUtils.m in Sources */,
				C907124516CFDB6100ED0062 /* UIColor+HEX.m in Sources */,
				C9EC3ACA16D2652A003B76FE /* CheckNetwork.m in Sources */,
				C9EC3ACD16D2657E003B76FE /* Reachability.m in Sources */,
				C9BDF4AF16D3B75F00E59621 /* YBWeatherQuery.m in Sources */,
				C9371DFE16DF7E3700A77266 /* YBAutomaticViewController.m in Sources */,
				C93ED72216E4BFE600D1890E /* AFHTTPClient.m in Sources */,
				C93ED72316E4BFE600D1890E /* AFHTTPRequestOperation.m in Sources */,
				C93ED72416E4BFE600D1890E /* AFImageRequestOperation.m in Sources */,
				C93ED72516E4BFE600D1890E /* AFJSONRequestOperation.m in Sources */,
				C93ED72616E4BFE600D1890E /* AFNetworkActivityIndicatorManager.m in Sources */,
				C93ED72716E4BFE600D1890E /* AFPropertyListRequestOperation.m in Sources */,
				C93ED72816E4BFE600D1890E /* AFURLConnectionOperation.m in Sources */,
				C93ED72916E4BFE600D1890E /* AFXMLRequestOperation.m in Sources */,
				C93ED72A16E4BFE600D1890E /* UIImageView+AFNetworking.m in Sources */,
				C948E07E16E8CB3D000589FB /* POAPinyin.m in Sources */,
				C941A05517145199005F76B5 /* SVProgressHUD.m in Sources */,
				C9F7BB4217236B3100B36F4F /* FreeWeatherViewController.m in Sources */,
				C9ADEA971723CD7200F2A656 /* WeatherDetail.m in Sources */,
				C9ADEA9B1723F32500F2A656 /* TodayWeather.m in Sources */,
				C99941BF1735234A001DD691 /* YBMapViewController.m in Sources */,
				C93CD2D21735C2BB000E8FDC /* YBMainViewController.m in Sources */,
			);
			runOnlyForDeploymentPostprocessing = 0;
		};
/* End PBXSourcesBuildPhase section */

/* Begin PBXVariantGroup section */
		C907122316CFD92000ED0062 /* InfoPlist.strings */ = {
			isa = PBXVariantGroup;
			children = (
				C907122416CFD92000ED0062 /* en */,
			);
			name = InfoPlist.strings;
			sourceTree = "<group>";
		};
/* End PBXVariantGroup section */

/* Begin XCBuildConfiguration section */
		C907123216CFD92000ED0062 /* Debug */ = {
			isa = XCBuildConfiguration;
			buildSettings = {
				ALWAYS_SEARCH_USER_PATHS = NO;
				CLANG_CXX_LANGUAGE_STANDARD = "gnu++0x";
				CLANG_CXX_LIBRARY = "libc++";
				CLANG_ENABLE_OBJC_ARC = YES;
				CLANG_WARN_CONSTANT_CONVERSION = YES;
				CLANG_WARN_EMPTY_BODY = YES;
				CLANG_WARN_ENUM_CONVERSION = YES;
				CLANG_WARN_INT_CONVERSION = YES;
				CLANG_WARN__DUPLICATE_METHOD_MATCH = YES;
				CODE_SIGN_IDENTITY = "iPhone Developer";
				"CODE_SIGN_IDENTITY[sdk=*]" = "iPhone Developer";
				COPY_PHASE_STRIP = NO;
				GCC_C_LANGUAGE_STANDARD = gnu99;
				GCC_DYNAMIC_NO_PIC = NO;
				GCC_OPTIMIZATION_LEVEL = 0;
				GCC_PREPROCESSOR_DEFINITIONS = (
					"DEBUG=1",
					"$(inherited)",
				);
				GCC_SYMBOLS_PRIVATE_EXTERN = NO;
				GCC_WARN_ABOUT_RETURN_TYPE = YES;
				GCC_WARN_UNINITIALIZED_AUTOS = YES;
				GCC_WARN_UNUSED_VARIABLE = YES;
				IPHONEOS_DEPLOYMENT_TARGET = 5.0;
				ONLY_ACTIVE_ARCH = YES;
				PRODUCT_NAME = "简约天气";
				PROVISIONING_PROFILE = "";
				"PROVISIONING_PROFILE[sdk=*]" = "";
				SDKROOT = iphoneos;
			};
			name = Debug;
		};
		C907123316CFD92000ED0062 /* Release */ = {
			isa = XCBuildConfiguration;
			buildSettings = {
				ALWAYS_SEARCH_USER_PATHS = NO;
				CLANG_CXX_LANGUAGE_STANDARD = "gnu++0x";
				CLANG_CXX_LIBRARY = "libc++";
				CLANG_ENABLE_OBJC_ARC = YES;
				CLANG_WARN_CONSTANT_CONVERSION = YES;
				CLANG_WARN_EMPTY_BODY = YES;
				CLANG_WARN_ENUM_CONVERSION = YES;
				CLANG_WARN_INT_CONVERSION = YES;
				CLANG_WARN__DUPLICATE_METHOD_MATCH = YES;
				"CODE_SIGN_IDENTITY[sdk=iphoneos*]" = "iPhone Developer";
				COPY_PHASE_STRIP = YES;
				GCC_C_LANGUAGE_STANDARD = gnu99;
				GCC_WARN_ABOUT_RETURN_TYPE = YES;
				GCC_WARN_UNINITIALIZED_AUTOS = YES;
				GCC_WARN_UNUSED_VARIABLE = YES;
				IPHONEOS_DEPLOYMENT_TARGET = 5.0;
				OTHER_CFLAGS = "-DNS_BLOCK_ASSERTIONS=1";
				PRODUCT_NAME = "简约天气";
				SDKROOT = iphoneos;
				VALIDATE_PRODUCT = YES;
			};
			name = Release;
		};
		C907123516CFD92000ED0062 /* Debug */ = {
			isa = XCBuildConfiguration;
			buildSettings = {
				CODE_SIGN_IDENTITY = "iPhone Developer: bin yi (C587JENN7F)";
				"CODE_SIGN_IDENTITY[sdk=iphoneos*]" = "iPhone Developer";
				GCC_PRECOMPILE_PREFIX_HEADER = YES;
				GCC_PREFIX_HEADER = "WeatherReport/WeatherReport-Prefix.pch";
				INFOPLIST_FILE = "WeatherReport/WeatherReport-Info.plist";
				IPHONEOS_DEPLOYMENT_TARGET = 5.0;
				PRODUCT_NAME = "$(TARGET_NAME)";
				PROVISIONING_PROFILE = "5E0E53B9-6556-41EE-AFC1-C17BC2EFA94D";
				"PROVISIONING_PROFILE[sdk=iphoneos*]" = "";
				WRAPPER_EXTENSION = app;
			};
			name = Debug;
		};
		C907123616CFD92000ED0062 /* Release */ = {
			isa = XCBuildConfiguration;
			buildSettings = {
				CODE_SIGN_IDENTITY = "iPhone Distribution: bin yi";
				"CODE_SIGN_IDENTITY[sdk=iphoneos*]" = "iPhone Distribution: bin yi";
				GCC_PRECOMPILE_PREFIX_HEADER = YES;
				GCC_PREFIX_HEADER = "WeatherReport/WeatherReport-Prefix.pch";
				INFOPLIST_FILE = "WeatherReport/WeatherReport-Info.plist";
				IPHONEOS_DEPLOYMENT_TARGET = 5.0;
				PRODUCT_NAME = "$(TARGET_NAME)";
				PROVISIONING_PROFILE = "8DD6149E-91A4-4402-B00F-5BB5BCD79173";
				"PROVISIONING_PROFILE[sdk=iphoneos*]" = "8DD6149E-91A4-4402-B00F-5BB5BCD79173";
				WRAPPER_EXTENSION = app;
			};
			name = Release;
		};
/* End XCBuildConfiguration section */

/* Begin XCConfigurationList section */
		C907121216CFD92000ED0062 /* Build configuration list for PBXProject "WeatherReport" */ = {
			isa = XCConfigurationList;
			buildConfigurations = (
				C907123216CFD92000ED0062 /* Debug */,
				C907123316CFD92000ED0062 /* Release */,
			);
			defaultConfigurationIsVisible = 0;
			defaultConfigurationName = Release;
		};
		C907123416CFD92000ED0062 /* Build configuration list for PBXNativeTarget "WeatherReport" */ = {
			isa = XCConfigurationList;
			buildConfigurations = (
				C907123516CFD92000ED0062 /* Debug */,
				C907123616CFD92000ED0062 /* Release */,
			);
			defaultConfigurationIsVisible = 0;
			defaultConfigurationName = Release;
		};
/* End XCConfigurationList section */
	};
	rootObject = C907120F16CFD92000ED0062 /* Project object */;
}
